// !$*UTF8*$!
{
	archiveVersion = 1;
	classes = {
	};
	objectVersion = 46;
	objects = {

/* Begin PBXBuildFile section */
		01402D991B00C92000DAE4F6 /* MyViewController.m in Sources */ = {isa = PBXBuildFile; fileRef = 01402D981B00C92000DAE4F6 /* MyViewController.m */; };
		0142108C1B0AFDA400CB5AF7 /* AVFoundation.framework in Frameworks */ = {isa = PBXBuildFile; fileRef = 0142108B1B0AFDA400CB5AF7 /* AVFoundation.framework */; };
		0142108F1B0B0A2400CB5AF7 /* ScanCodeViewController.m in Sources */ = {isa = PBXBuildFile; fileRef = 0142108E1B0B0A2400CB5AF7 /* ScanCodeViewController.m */; };
		014210921B0B138A00CB5AF7 /* GasStationDetailViewController.m in Sources */ = {isa = PBXBuildFile; fileRef = 014210911B0B138A00CB5AF7 /* GasStationDetailViewController.m */; };
		01458DA41B09B16500B4A6AF /* DealDetailViewController.m in Sources */ = {isa = PBXBuildFile; fileRef = 01458DA31B09B16500B4A6AF /* DealDetailViewController.m */; };
		01458DA71B09C9EE00B4A6AF /* DealAppraiseViewController.m in Sources */ = {isa = PBXBuildFile; fileRef = 01458DA61B09C9EE00B4A6AF /* DealAppraiseViewController.m */; };
		0148DD191AF775F000BAA18C /* CommonUtil.m in Sources */ = {isa = PBXBuildFile; fileRef = 0148DD181AF775F000BAA18C /* CommonUtil.m */; };
		0148DD1F1AF777B600BAA18C /* libWeChatSDK.a in Frameworks */ = {isa = PBXBuildFile; fileRef = 0148DD1B1AF777B600BAA18C /* libWeChatSDK.a */; };
		0148DD201AF777B600BAA18C /* readme.txt in Resources */ = {isa = PBXBuildFile; fileRef = 0148DD1C1AF777B600BAA18C /* readme.txt */; };
		0148DD241AF77C0C00BAA18C /* libz.dylib in Frameworks */ = {isa = PBXBuildFile; fileRef = 0148DD231AF77C0C00BAA18C /* libz.dylib */; };
		0148DD261AF77C2700BAA18C /* libsqlite3.0.dylib in Frameworks */ = {isa = PBXBuildFile; fileRef = 0148DD251AF77C2700BAA18C /* libsqlite3.0.dylib */; };
		0148DD421AF7813100BAA18C /* libstdc++.dylib in Frameworks */ = {isa = PBXBuildFile; fileRef = 0148DD411AF7813100BAA18C /* libstdc++.dylib */; };
		01533E371AF8B7B6000029C0 /* MBProgressHUD.m in Sources */ = {isa = PBXBuildFile; fileRef = 01533E361AF8B7B6000029C0 /* MBProgressHUD.m */; };
		0159853C1B105268006A3CD4 /* BaiduMapViewController.m in Sources */ = {isa = PBXBuildFile; fileRef = 0159853B1B105268006A3CD4 /* BaiduMapViewController.m */; };
		0159853E1B1063BB006A3CD4 /* mapapi.bundle in Resources */ = {isa = PBXBuildFile; fileRef = 0159853D1B1063BB006A3CD4 /* mapapi.bundle */; };
		01620C981B0D97EA009F647C /* StationDetailViewController.m in Sources */ = {isa = PBXBuildFile; fileRef = 01620C961B0D97EA009F647C /* StationDetailViewController.m */; };
		01620C991B0D97EA009F647C /* StationDetailViewController.xib in Resources */ = {isa = PBXBuildFile; fileRef = 01620C971B0D97EA009F647C /* StationDetailViewController.xib */; };
		01631CF91B01D5FB00DC1888 /* BaiduMapAPI.framework in Frameworks */ = {isa = PBXBuildFile; fileRef = 01631CF81B01D5FB00DC1888 /* BaiduMapAPI.framework */; };
		01631CFB1B01D64200DC1888 /* CoreLocation.framework in Frameworks */ = {isa = PBXBuildFile; fileRef = 01631CFA1B01D64200DC1888 /* CoreLocation.framework */; };
		01631CFD1B01D64D00DC1888 /* QuartzCore.framework in Frameworks */ = {isa = PBXBuildFile; fileRef = 01631CFC1B01D64D00DC1888 /* QuartzCore.framework */; };
		01631CFF1B01D65900DC1888 /* OpenGLES.framework in Frameworks */ = {isa = PBXBuildFile; fileRef = 01631CFE1B01D65900DC1888 /* OpenGLES.framework */; };
		01631D011B01D66400DC1888 /* SystemConfiguration.framework in Frameworks */ = {isa = PBXBuildFile; fileRef = 01631D001B01D66400DC1888 /* SystemConfiguration.framework */; };
		01631D031B01D67C00DC1888 /* Security.framework in Frameworks */ = {isa = PBXBuildFile; fileRef = 01631D021B01D67C00DC1888 /* Security.framework */; };
		01631D051B01D6B700DC1888 /* CoreGraphics.framework in Frameworks */ = {isa = PBXBuildFile; fileRef = 01631D041B01D6B700DC1888 /* CoreGraphics.framework */; };
		01631D411B01EDF100DC1888 /* Info.plist in Resources */ = {isa = PBXBuildFile; fileRef = 01631D401B01EDF100DC1888 /* Info.plist */; };
		016410C41B12E208002869C7 /* ConsumedViewController.m in Sources */ = {isa = PBXBuildFile; fileRef = 016410C31B12E208002869C7 /* ConsumedViewController.m */; };
		016410C71B12F916002869C7 /* MyPreference.m in Sources */ = {isa = PBXBuildFile; fileRef = 016410C61B12F916002869C7 /* MyPreference.m */; };
		016410C91B130394002869C7 /* libc++abi.dylib in Frameworks */ = {isa = PBXBuildFile; fileRef = 016410C81B130394002869C7 /* libc++abi.dylib */; };
		01645D511B04745B00AD36EB /* TransactionRecordViewController.m in Sources */ = {isa = PBXBuildFile; fileRef = 01645D501B04745B00AD36EB /* TransactionRecordViewController.m */; };
		01645D641B0493AD00AD36EB /* RechargeAndBalanceViewController.m in Sources */ = {isa = PBXBuildFile; fileRef = 01645D621B0493AD00AD36EB /* RechargeAndBalanceViewController.m */; };
		01645D651B0493AD00AD36EB /* RechargeAndBalanceViewController.xib in Resources */ = {isa = PBXBuildFile; fileRef = 01645D631B0493AD00AD36EB /* RechargeAndBalanceViewController.xib */; };
		01645D691B04A26500AD36EB /* RechargeAndBalanceCell.m in Sources */ = {isa = PBXBuildFile; fileRef = 01645D671B04A26500AD36EB /* RechargeAndBalanceCell.m */; };
		01645D6A1B04A26500AD36EB /* RechargeAndBalanceCell.xib in Resources */ = {isa = PBXBuildFile; fileRef = 01645D681B04A26500AD36EB /* RechargeAndBalanceCell.xib */; };
		017386911B0316CA008AC34C /* SettingViewController.m in Sources */ = {isa = PBXBuildFile; fileRef = 017386901B0316CA008AC34C /* SettingViewController.m */; };
		017386961B034642008AC34C /* BalanceAndPrepaidTakeViewController.m in Sources */ = {isa = PBXBuildFile; fileRef = 017386951B034642008AC34C /* BalanceAndPrepaidTakeViewController.m */; };
		018AC6221AFE047500A220FE /* LoginViewController.m in Sources */ = {isa = PBXBuildFile; fileRef = 018AC61D1AFE047400A220FE /* LoginViewController.m */; };
		018AC6231AFE047500A220FE /* TreatyViewController.m in Sources */ = {isa = PBXBuildFile; fileRef = 018AC61F1AFE047400A220FE /* TreatyViewController.m */; };
		018AC6261AFE052A00A220FE /* FirstViewController.m in Sources */ = {isa = PBXBuildFile; fileRef = 018AC6251AFE052A00A220FE /* FirstViewController.m */; };
		018AC6291AFE053D00A220FE /* SecondViewController.m in Sources */ = {isa = PBXBuildFile; fileRef = 018AC6281AFE053D00A220FE /* SecondViewController.m */; };
		01AFE7BA1AFB41D0006EEE27 /* ApiXml.mm in Sources */ = {isa = PBXBuildFile; fileRef = 01AFE7B51AFB41D0006EEE27 /* ApiXml.mm */; settings = {COMPILER_FLAGS = "-fno-objc-arc"; }; };
		01AFE7BB1AFB41D0006EEE27 /* payRequsestHandler.mm in Sources */ = {isa = PBXBuildFile; fileRef = 01AFE7B71AFB41D0006EEE27 /* payRequsestHandler.mm */; settings = {COMPILER_FLAGS = "-fno-objc-arc"; }; };
		01AFE7BC1AFB41D0006EEE27 /* WXUtil.mm in Sources */ = {isa = PBXBuildFile; fileRef = 01AFE7B91AFB41D0006EEE27 /* WXUtil.mm */; };
		01CC49871B0C74E4007B7237 /* StationDetailTableViewCell.m in Sources */ = {isa = PBXBuildFile; fileRef = 01CC49851B0C74E4007B7237 /* StationDetailTableViewCell.m */; };
		01CC49881B0C74E4007B7237 /* StationDetailTableViewCell.xib in Resources */ = {isa = PBXBuildFile; fileRef = 01CC49861B0C74E4007B7237 /* StationDetailTableViewCell.xib */; };
		01CC498B1B0C7C79007B7237 /* MyInfoViewController.m in Sources */ = {isa = PBXBuildFile; fileRef = 01CC498A1B0C7C79007B7237 /* MyInfoViewController.m */; };
		01CC498E1B0C8F0B007B7237 /* RevampViewController.m in Sources */ = {isa = PBXBuildFile; fileRef = 01CC498D1B0C8F0B007B7237 /* RevampViewController.m */; };
		01CD6B911B0DFC57003CCB9C /* MKAnnotationView+WebCache.m in Sources */ = {isa = PBXBuildFile; fileRef = 01CD6B751B0DFC57003CCB9C /* MKAnnotationView+WebCache.m */; };
		01CD6B921B0DFC57003CCB9C /* NSData+ImageContentType.m in Sources */ = {isa = PBXBuildFile; fileRef = 01CD6B771B0DFC57003CCB9C /* NSData+ImageContentType.m */; };
		01CD6B931B0DFC57003CCB9C /* SDImageCache.m in Sources */ = {isa = PBXBuildFile; fileRef = 01CD6B791B0DFC57003CCB9C /* SDImageCache.m */; };
		01CD6B941B0DFC57003CCB9C /* SDWebImageCompat.m in Sources */ = {isa = PBXBuildFile; fileRef = 01CD6B7B1B0DFC57003CCB9C /* SDWebImageCompat.m */; };
		01CD6B951B0DFC57003CCB9C /* SDWebImageDecoder.m in Sources */ = {isa = PBXBuildFile; fileRef = 01CD6B7D1B0DFC57003CCB9C /* SDWebImageDecoder.m */; };
		01CD6B961B0DFC57003CCB9C /* SDWebImageDownloader.m in Sources */ = {isa = PBXBuildFile; fileRef = 01CD6B7F1B0DFC57003CCB9C /* SDWebImageDownloader.m */; };
		01CD6B971B0DFC57003CCB9C /* SDWebImageDownloaderOperation.m in Sources */ = {isa = PBXBuildFile; fileRef = 01CD6B811B0DFC57003CCB9C /* SDWebImageDownloaderOperation.m */; };
		01CD6B981B0DFC57003CCB9C /* SDWebImageManager.m in Sources */ = {isa = PBXBuildFile; fileRef = 01CD6B831B0DFC57003CCB9C /* SDWebImageManager.m */; };
		01CD6B991B0DFC57003CCB9C /* SDWebImagePrefetcher.m in Sources */ = {isa = PBXBuildFile; fileRef = 01CD6B861B0DFC57003CCB9C /* SDWebImagePrefetcher.m */; };
		01CD6B9A1B0DFC57003CCB9C /* UIButton+WebCache.m in Sources */ = {isa = PBXBuildFile; fileRef = 01CD6B881B0DFC57003CCB9C /* UIButton+WebCache.m */; };
		01CD6B9B1B0DFC57003CCB9C /* UIImage+GIF.m in Sources */ = {isa = PBXBuildFile; fileRef = 01CD6B8A1B0DFC57003CCB9C /* UIImage+GIF.m */; };
		01CD6B9C1B0DFC57003CCB9C /* UIImage+MultiFormat.m in Sources */ = {isa = PBXBuildFile; fileRef = 01CD6B8C1B0DFC57003CCB9C /* UIImage+MultiFormat.m */; };
		01CD6B9D1B0DFC57003CCB9C /* UIImage+WebP.m in Sources */ = {isa = PBXBuildFile; fileRef = 01CD6B8E1B0DFC57003CCB9C /* UIImage+WebP.m */; };
		01CD6B9E1B0DFC57003CCB9C /* UIImageView+WebCache.m in Sources */ = {isa = PBXBuildFile; fileRef = 01CD6B901B0DFC57003CCB9C /* UIImageView+WebCache.m */; };
		01EB612A1AF74C5A006E623C /* AFNetworkActivityIndicatorManager.m in Sources */ = {isa = PBXBuildFile; fileRef = 01EB611A1AF74C5A006E623C /* AFNetworkActivityIndicatorManager.m */; };
		01EB612B1AF74C5A006E623C /* UIActivityIndicatorView+AFNetworking.m in Sources */ = {isa = PBXBuildFile; fileRef = 01EB611C1AF74C5A006E623C /* UIActivityIndicatorView+AFNetworking.m */; };
		01EB612C1AF74C5A006E623C /* UIAlertView+AFNetworking.m in Sources */ = {isa = PBXBuildFile; fileRef = 01EB611E1AF74C5A006E623C /* UIAlertView+AFNetworking.m */; };
		01EB612D1AF74C5A006E623C /* UIButton+AFNetworking.m in Sources */ = {isa = PBXBuildFile; fileRef = 01EB61201AF74C5A006E623C /* UIButton+AFNetworking.m */; };
		01EB612E1AF74C5A006E623C /* UIImageView+AFNetworking.m in Sources */ = {isa = PBXBuildFile; fileRef = 01EB61221AF74C5A006E623C /* UIImageView+AFNetworking.m */; };
		01EB612F1AF74C5A006E623C /* UIProgressView+AFNetworking.m in Sources */ = {isa = PBXBuildFile; fileRef = 01EB61251AF74C5A006E623C /* UIProgressView+AFNetworking.m */; };
		01EB61301AF74C5A006E623C /* UIRefreshControl+AFNetworking.m in Sources */ = {isa = PBXBuildFile; fileRef = 01EB61271AF74C5A006E623C /* UIRefreshControl+AFNetworking.m */; };
		01EB61311AF74C5A006E623C /* UIWebView+AFNetworking.m in Sources */ = {isa = PBXBuildFile; fileRef = 01EB61291AF74C5A006E623C /* UIWebView+AFNetworking.m */; };
		01EB61341AF74CC3006E623C /* RootTabBarController.m in Sources */ = {isa = PBXBuildFile; fileRef = 01EB61331AF74CC3006E623C /* RootTabBarController.m */; };
		01EB61491AF74F92006E623C /* AFHTTPRequestOperation.m in Sources */ = {isa = PBXBuildFile; fileRef = 01EB61371AF74F91006E623C /* AFHTTPRequestOperation.m */; };
		01EB614A1AF74F92006E623C /* AFHTTPRequestOperationManager.m in Sources */ = {isa = PBXBuildFile; fileRef = 01EB61391AF74F91006E623C /* AFHTTPRequestOperationManager.m */; };
		01EB614B1AF74F92006E623C /* AFHTTPSessionManager.m in Sources */ = {isa = PBXBuildFile; fileRef = 01EB613B1AF74F91006E623C /* AFHTTPSessionManager.m */; };
		01EB614C1AF74F92006E623C /* AFNetworkReachabilityManager.m in Sources */ = {isa = PBXBuildFile; fileRef = 01EB613E1AF74F91006E623C /* AFNetworkReachabilityManager.m */; };
		01EB614D1AF74F92006E623C /* AFSecurityPolicy.m in Sources */ = {isa = PBXBuildFile; fileRef = 01EB61401AF74F91006E623C /* AFSecurityPolicy.m */; };
		01EB614E1AF74F92006E623C /* AFURLConnectionOperation.m in Sources */ = {isa = PBXBuildFile; fileRef = 01EB61421AF74F91006E623C /* AFURLConnectionOperation.m */; };
		01EB614F1AF74F92006E623C /* AFURLRequestSerialization.m in Sources */ = {isa = PBXBuildFile; fileRef = 01EB61441AF74F91006E623C /* AFURLRequestSerialization.m */; };
		01EB61501AF74F92006E623C /* AFURLResponseSerialization.m in Sources */ = {isa = PBXBuildFile; fileRef = 01EB61461AF74F91006E623C /* AFURLResponseSerialization.m */; };
		01EB61511AF74F92006E623C /* AFURLSessionManager.m in Sources */ = {isa = PBXBuildFile; fileRef = 01EB61481AF74F91006E623C /* AFURLSessionManager.m */; };
		18321E191AE013C800263CF9 /* main.m in Sources */ = {isa = PBXBuildFile; fileRef = 18321E181AE013C800263CF9 /* main.m */; };
		18321E1C1AE013C800263CF9 /* AppDelegate.mm in Sources */ = {isa = PBXBuildFile; fileRef = 18321E1B1AE013C800263CF9 /* AppDelegate.mm */; };
		18321E251AE013C800263CF9 /* Main.storyboard in Resources */ = {isa = PBXBuildFile; fileRef = 18321E231AE013C800263CF9 /* Main.storyboard */; };
		18321E271AE013C800263CF9 /* Images.xcassets in Resources */ = {isa = PBXBuildFile; fileRef = 18321E261AE013C800263CF9 /* Images.xcassets */; };
		18321E2A1AE013C800263CF9 /* LaunchScreen.xib in Resources */ = {isa = PBXBuildFile; fileRef = 18321E281AE013C800263CF9 /* LaunchScreen.xib */; };
		18321E361AE013C800263CF9 /* iRefuelTests.m in Sources */ = {isa = PBXBuildFile; fileRef = 18321E351AE013C800263CF9 /* iRefuelTests.m */; };
		18321E431AE0167D00263CF9 /* Default-568h@2x.png in Resources */ = {isa = PBXBuildFile; fileRef = 18321E421AE0167D00263CF9 /* Default-568h@2x.png */; };
/* End PBXBuildFile section */

/* Begin PBXContainerItemProxy section */
		18321E301AE013C800263CF9 /* PBXContainerItemProxy */ = {
			isa = PBXContainerItemProxy;
			containerPortal = 18321E0B1AE013C800263CF9 /* Project object */;
			proxyType = 1;
			remoteGlobalIDString = 18321E121AE013C800263CF9;
			remoteInfo = iRefuel;
		};
/* End PBXContainerItemProxy section */

/* Begin PBXFileReference section */
		01402D971B00C92000DAE4F6 /* MyViewController.h */ = {isa = PBXFileReference; fileEncoding = 4; lastKnownFileType = sourcecode.c.h; path = MyViewController.h; sourceTree = "<group>"; };
		01402D981B00C92000DAE4F6 /* MyViewController.m */ = {isa = PBXFileReference; fileEncoding = 4; lastKnownFileType = sourcecode.c.objc; path = MyViewController.m; sourceTree = "<group>"; };
		0142108B1B0AFDA400CB5AF7 /* AVFoundation.framework */ = {isa = PBXFileReference; lastKnownFileType = wrapper.framework; name = AVFoundation.framework; path = System/Library/Frameworks/AVFoundation.framework; sourceTree = SDKROOT; };
		0142108D1B0B0A2400CB5AF7 /* ScanCodeViewController.h */ = {isa = PBXFileReference; fileEncoding = 4; lastKnownFileType = sourcecode.c.h; path = ScanCodeViewController.h; sourceTree = "<group>"; };
		0142108E1B0B0A2400CB5AF7 /* ScanCodeViewController.m */ = {isa = PBXFileReference; fileEncoding = 4; lastKnownFileType = sourcecode.c.objc; path = ScanCodeViewController.m; sourceTree = "<group>"; };
		014210901B0B138A00CB5AF7 /* GasStationDetailViewController.h */ = {isa = PBXFileReference; fileEncoding = 4; lastKnownFileType = sourcecode.c.h; path = GasStationDetailViewController.h; sourceTree = "<group>"; };
		014210911B0B138A00CB5AF7 /* GasStationDetailViewController.m */ = {isa = PBXFileReference; fileEncoding = 4; lastKnownFileType = sourcecode.c.objc; path = GasStationDetailViewController.m; sourceTree = "<group>"; };
		01458DA21B09B16500B4A6AF /* DealDetailViewController.h */ = {isa = PBXFileReference; fileEncoding = 4; lastKnownFileType = sourcecode.c.h; path = DealDetailViewController.h; sourceTree = "<group>"; };
		01458DA31B09B16500B4A6AF /* DealDetailViewController.m */ = {isa = PBXFileReference; fileEncoding = 4; lastKnownFileType = sourcecode.c.objc; path = DealDetailViewController.m; sourceTree = "<group>"; };
		01458DA51B09C9EE00B4A6AF /* DealAppraiseViewController.h */ = {isa = PBXFileReference; fileEncoding = 4; lastKnownFileType = sourcecode.c.h; path = DealAppraiseViewController.h; sourceTree = "<group>"; };
		01458DA61B09C9EE00B4A6AF /* DealAppraiseViewController.m */ = {isa = PBXFileReference; fileEncoding = 4; lastKnownFileType = sourcecode.c.objc; path = DealAppraiseViewController.m; sourceTree = "<group>"; };
		0148DD171AF775F000BAA18C /* CommonUtil.h */ = {isa = PBXFileReference; fileEncoding = 4; lastKnownFileType = sourcecode.c.h; path = CommonUtil.h; sourceTree = "<group>"; };
		0148DD181AF775F000BAA18C /* CommonUtil.m */ = {isa = PBXFileReference; fileEncoding = 4; lastKnownFileType = sourcecode.c.objc; path = CommonUtil.m; sourceTree = "<group>"; };
		0148DD1B1AF777B600BAA18C /* libWeChatSDK.a */ = {isa = PBXFileReference; lastKnownFileType = archive.ar; path = libWeChatSDK.a; sourceTree = "<group>"; };
		0148DD1C1AF777B600BAA18C /* readme.txt */ = {isa = PBXFileReference; fileEncoding = 4; lastKnownFileType = text; path = readme.txt; sourceTree = "<group>"; };
		0148DD1D1AF777B600BAA18C /* WXApi.h */ = {isa = PBXFileReference; fileEncoding = 4; lastKnownFileType = sourcecode.c.h; path = WXApi.h; sourceTree = "<group>"; };
		0148DD1E1AF777B600BAA18C /* WXApiObject.h */ = {isa = PBXFileReference; fileEncoding = 4; lastKnownFileType = sourcecode.c.h; path = WXApiObject.h; sourceTree = "<group>"; };
		0148DD231AF77C0C00BAA18C /* libz.dylib */ = {isa = PBXFileReference; lastKnownFileType = "compiled.mach-o.dylib"; name = libz.dylib; path = usr/lib/libz.dylib; sourceTree = SDKROOT; };
		0148DD251AF77C2700BAA18C /* libsqlite3.0.dylib */ = {isa = PBXFileReference; lastKnownFileType = "compiled.mach-o.dylib"; name = libsqlite3.0.dylib; path = usr/lib/libsqlite3.0.dylib; sourceTree = SDKROOT; };
		0148DD411AF7813100BAA18C /* libstdc++.dylib */ = {isa = PBXFileReference; lastKnownFileType = "compiled.mach-o.dylib"; name = "libstdc++.dylib"; path = "usr/lib/libstdc++.dylib"; sourceTree = SDKROOT; };
		01533E351AF8B7B6000029C0 /* MBProgressHUD.h */ = {isa = PBXFileReference; fileEncoding = 4; lastKnownFileType = sourcecode.c.h; path = MBProgressHUD.h; sourceTree = "<group>"; };
		01533E361AF8B7B6000029C0 /* MBProgressHUD.m */ = {isa = PBXFileReference; fileEncoding = 4; lastKnownFileType = sourcecode.c.objc; path = MBProgressHUD.m; sourceTree = "<group>"; };
		0159853A1B105268006A3CD4 /* BaiduMapViewController.h */ = {isa = PBXFileReference; fileEncoding = 4; lastKnownFileType = sourcecode.c.h; path = BaiduMapViewController.h; sourceTree = "<group>"; };
		0159853B1B105268006A3CD4 /* BaiduMapViewController.m */ = {isa = PBXFileReference; fileEncoding = 4; lastKnownFileType = sourcecode.c.objc; path = BaiduMapViewController.m; sourceTree = "<group>"; };
		0159853D1B1063BB006A3CD4 /* mapapi.bundle */ = {isa = PBXFileReference; lastKnownFileType = "wrapper.plug-in"; path = mapapi.bundle; sourceTree = "<group>"; };
		01620C951B0D97EA009F647C /* StationDetailViewController.h */ = {isa = PBXFileReference; fileEncoding = 4; lastKnownFileType = sourcecode.c.h; path = StationDetailViewController.h; sourceTree = "<group>"; };
		01620C961B0D97EA009F647C /* StationDetailViewController.m */ = {isa = PBXFileReference; fileEncoding = 4; lastKnownFileType = sourcecode.c.objc; path = StationDetailViewController.m; sourceTree = "<group>"; };
		01620C971B0D97EA009F647C /* StationDetailViewController.xib */ = {isa = PBXFileReference; fileEncoding = 4; lastKnownFileType = file.xib; path = StationDetailViewController.xib; sourceTree = "<group>"; };
		01631CF81B01D5FB00DC1888 /* BaiduMapAPI.framework */ = {isa = PBXFileReference; lastKnownFileType = wrapper.framework; path = BaiduMapAPI.framework; sourceTree = "<group>"; };
		01631CFA1B01D64200DC1888 /* CoreLocation.framework */ = {isa = PBXFileReference; lastKnownFileType = wrapper.framework; name = CoreLocation.framework; path = System/Library/Frameworks/CoreLocation.framework; sourceTree = SDKROOT; };
		01631CFC1B01D64D00DC1888 /* QuartzCore.framework */ = {isa = PBXFileReference; lastKnownFileType = wrapper.framework; name = QuartzCore.framework; path = System/Library/Frameworks/QuartzCore.framework; sourceTree = SDKROOT; };
		01631CFE1B01D65900DC1888 /* OpenGLES.framework */ = {isa = PBXFileReference; lastKnownFileType = wrapper.framework; name = OpenGLES.framework; path = System/Library/Frameworks/OpenGLES.framework; sourceTree = SDKROOT; };
		01631D001B01D66400DC1888 /* SystemConfiguration.framework */ = {isa = PBXFileReference; lastKnownFileType = wrapper.framework; name = SystemConfiguration.framework; path = System/Library/Frameworks/SystemConfiguration.framework; sourceTree = SDKROOT; };
		01631D021B01D67C00DC1888 /* Security.framework */ = {isa = PBXFileReference; lastKnownFileType = wrapper.framework; name = Security.framework; path = System/Library/Frameworks/Security.framework; sourceTree = SDKROOT; };
		01631D041B01D6B700DC1888 /* CoreGraphics.framework */ = {isa = PBXFileReference; lastKnownFileType = wrapper.framework; name = CoreGraphics.framework; path = System/Library/Frameworks/CoreGraphics.framework; sourceTree = SDKROOT; };
		01631D401B01EDF100DC1888 /* Info.plist */ = {isa = PBXFileReference; fileEncoding = 4; lastKnownFileType = text.plist.xml; path = Info.plist; sourceTree = "<group>"; };
		016410C21B12E208002869C7 /* ConsumedViewController.h */ = {isa = PBXFileReference; fileEncoding = 4; lastKnownFileType = sourcecode.c.h; path = ConsumedViewController.h; sourceTree = "<group>"; };
		016410C31B12E208002869C7 /* ConsumedViewController.m */ = {isa = PBXFileReference; fileEncoding = 4; lastKnownFileType = sourcecode.c.objc; path = ConsumedViewController.m; sourceTree = "<group>"; };
		016410C51B12F916002869C7 /* MyPreference.h */ = {isa = PBXFileReference; fileEncoding = 4; lastKnownFileType = sourcecode.c.h; path = MyPreference.h; sourceTree = "<group>"; };
		016410C61B12F916002869C7 /* MyPreference.m */ = {isa = PBXFileReference; fileEncoding = 4; lastKnownFileType = sourcecode.c.objc; path = MyPreference.m; sourceTree = "<group>"; };
		016410C81B130394002869C7 /* libc++abi.dylib */ = {isa = PBXFileReference; lastKnownFileType = "compiled.mach-o.dylib"; name = "libc++abi.dylib"; path = "usr/lib/libc++abi.dylib"; sourceTree = SDKROOT; };
		01645D4F1B04745B00AD36EB /* TransactionRecordViewController.h */ = {isa = PBXFileReference; fileEncoding = 4; lastKnownFileType = sourcecode.c.h; path = TransactionRecordViewController.h; sourceTree = "<group>"; };
		01645D501B04745B00AD36EB /* TransactionRecordViewController.m */ = {isa = PBXFileReference; fileEncoding = 4; lastKnownFileType = sourcecode.c.objc; path = TransactionRecordViewController.m; sourceTree = "<group>"; };
		01645D611B0493AD00AD36EB /* RechargeAndBalanceViewController.h */ = {isa = PBXFileReference; fileEncoding = 4; lastKnownFileType = sourcecode.c.h; path = RechargeAndBalanceViewController.h; sourceTree = "<group>"; };
		01645D621B0493AD00AD36EB /* RechargeAndBalanceViewController.m */ = {isa = PBXFileReference; fileEncoding = 4; lastKnownFileType = sourcecode.c.objc; path = RechargeAndBalanceViewController.m; sourceTree = "<group>"; };
		01645D631B0493AD00AD36EB /* RechargeAndBalanceViewController.xib */ = {isa = PBXFileReference; fileEncoding = 4; lastKnownFileType = file.xib; path = RechargeAndBalanceViewController.xib; sourceTree = "<group>"; };
		01645D661B04A26500AD36EB /* RechargeAndBalanceCell.h */ = {isa = PBXFileReference; fileEncoding = 4; lastKnownFileType = sourcecode.c.h; path = RechargeAndBalanceCell.h; sourceTree = "<group>"; };
		01645D671B04A26500AD36EB /* RechargeAndBalanceCell.m */ = {isa = PBXFileReference; fileEncoding = 4; lastKnownFileType = sourcecode.c.objc; path = RechargeAndBalanceCell.m; sourceTree = "<group>"; };
		01645D681B04A26500AD36EB /* RechargeAndBalanceCell.xib */ = {isa = PBXFileReference; fileEncoding = 4; lastKnownFileType = file.xib; path = RechargeAndBalanceCell.xib; sourceTree = "<group>"; };
		0173868F1B0316C9008AC34C /* SettingViewController.h */ = {isa = PBXFileReference; fileEncoding = 4; lastKnownFileType = sourcecode.c.h; path = SettingViewController.h; sourceTree = "<group>"; };
		017386901B0316CA008AC34C /* SettingViewController.m */ = {isa = PBXFileReference; fileEncoding = 4; lastKnownFileType = sourcecode.c.objc; path = SettingViewController.m; sourceTree = "<group>"; };
		017386921B0324CE008AC34C /* PrefixHeader.pch */ = {isa = PBXFileReference; fileEncoding = 4; lastKnownFileType = sourcecode.c.h; path = PrefixHeader.pch; sourceTree = "<group>"; };
		017386931B032D03008AC34C /* MyDefine.h */ = {isa = PBXFileReference; fileEncoding = 4; lastKnownFileType = sourcecode.c.h; path = MyDefine.h; sourceTree = "<group>"; };
		017386941B034642008AC34C /* BalanceAndPrepaidTakeViewController.h */ = {isa = PBXFileReference; fileEncoding = 4; lastKnownFileType = sourcecode.c.h; path = BalanceAndPrepaidTakeViewController.h; sourceTree = "<group>"; };
		017386951B034642008AC34C /* BalanceAndPrepaidTakeViewController.m */ = {isa = PBXFileReference; fileEncoding = 4; lastKnownFileType = sourcecode.c.objc; path = BalanceAndPrepaidTakeViewController.m; sourceTree = "<group>"; };
		018AC61C1AFE047400A220FE /* LoginViewController.h */ = {isa = PBXFileReference; fileEncoding = 4; lastKnownFileType = sourcecode.c.h; path = LoginViewController.h; sourceTree = "<group>"; };
		018AC61D1AFE047400A220FE /* LoginViewController.m */ = {isa = PBXFileReference; fileEncoding = 4; lastKnownFileType = sourcecode.c.objc; path = LoginViewController.m; sourceTree = "<group>"; };
		018AC61E1AFE047400A220FE /* TreatyViewController.h */ = {isa = PBXFileReference; fileEncoding = 4; lastKnownFileType = sourcecode.c.h; path = TreatyViewController.h; sourceTree = "<group>"; };
		018AC61F1AFE047400A220FE /* TreatyViewController.m */ = {isa = PBXFileReference; fileEncoding = 4; lastKnownFileType = sourcecode.c.objc; path = TreatyViewController.m; sourceTree = "<group>"; };
		018AC6241AFE052A00A220FE /* FirstViewController.h */ = {isa = PBXFileReference; fileEncoding = 4; lastKnownFileType = sourcecode.c.h; path = FirstViewController.h; sourceTree = "<group>"; };
		018AC6251AFE052A00A220FE /* FirstViewController.m */ = {isa = PBXFileReference; fileEncoding = 4; lastKnownFileType = sourcecode.c.objc; path = FirstViewController.m; sourceTree = "<group>"; };
		018AC6271AFE053D00A220FE /* SecondViewController.h */ = {isa = PBXFileReference; fileEncoding = 4; lastKnownFileType = sourcecode.c.h; path = SecondViewController.h; sourceTree = "<group>"; };
		018AC6281AFE053D00A220FE /* SecondViewController.m */ = {isa = PBXFileReference; fileEncoding = 4; lastKnownFileType = sourcecode.c.objc; path = SecondViewController.m; sourceTree = "<group>"; };
		01AFE7B41AFB41D0006EEE27 /* ApiXml.h */ = {isa = PBXFileReference; fileEncoding = 4; lastKnownFileType = sourcecode.c.h; path = ApiXml.h; sourceTree = "<group>"; };
		01AFE7B51AFB41D0006EEE27 /* ApiXml.mm */ = {isa = PBXFileReference; fileEncoding = 4; lastKnownFileType = sourcecode.cpp.objcpp; path = ApiXml.mm; sourceTree = "<group>"; };
		01AFE7B61AFB41D0006EEE27 /* payRequsestHandler.h */ = {isa = PBXFileReference; fileEncoding = 4; lastKnownFileType = sourcecode.c.h; path = payRequsestHandler.h; sourceTree = "<group>"; };
		01AFE7B71AFB41D0006EEE27 /* payRequsestHandler.mm */ = {isa = PBXFileReference; fileEncoding = 4; lastKnownFileType = sourcecode.cpp.objcpp; path = payRequsestHandler.mm; sourceTree = "<group>"; };
		01AFE7B81AFB41D0006EEE27 /* WXUtil.h */ = {isa = PBXFileReference; fileEncoding = 4; lastKnownFileType = sourcecode.c.h; path = WXUtil.h; sourceTree = "<group>"; };
		01AFE7B91AFB41D0006EEE27 /* WXUtil.mm */ = {isa = PBXFileReference; fileEncoding = 4; lastKnownFileType = sourcecode.cpp.objcpp; path = WXUtil.mm; sourceTree = "<group>"; };
		01CC49841B0C74E4007B7237 /* StationDetailTableViewCell.h */ = {isa = PBXFileReference; fileEncoding = 4; lastKnownFileType = sourcecode.c.h; path = StationDetailTableViewCell.h; sourceTree = "<group>"; };
		01CC49851B0C74E4007B7237 /* StationDetailTableViewCell.m */ = {isa = PBXFileReference; fileEncoding = 4; lastKnownFileType = sourcecode.c.objc; path = StationDetailTableViewCell.m; sourceTree = "<group>"; };
		01CC49861B0C74E4007B7237 /* StationDetailTableViewCell.xib */ = {isa = PBXFileReference; fileEncoding = 4; lastKnownFileType = file.xib; path = StationDetailTableViewCell.xib; sourceTree = "<group>"; };
		01CC49891B0C7C79007B7237 /* MyInfoViewController.h */ = {isa = PBXFileReference; fileEncoding = 4; lastKnownFileType = sourcecode.c.h; path = MyInfoViewController.h; sourceTree = "<group>"; };
		01CC498A1B0C7C79007B7237 /* MyInfoViewController.m */ = {isa = PBXFileReference; fileEncoding = 4; lastKnownFileType = sourcecode.c.objc; path = MyInfoViewController.m; sourceTree = "<group>"; };
		01CC498C1B0C8F0B007B7237 /* RevampViewController.h */ = {isa = PBXFileReference; fileEncoding = 4; lastKnownFileType = sourcecode.c.h; path = RevampViewController.h; sourceTree = "<group>"; };
		01CC498D1B0C8F0B007B7237 /* RevampViewController.m */ = {isa = PBXFileReference; fileEncoding = 4; lastKnownFileType = sourcecode.c.objc; path = RevampViewController.m; sourceTree = "<group>"; };
		01CD6B741B0DFC57003CCB9C /* MKAnnotationView+WebCache.h */ = {isa = PBXFileReference; fileEncoding = 4; lastKnownFileType = sourcecode.c.h; path = "MKAnnotationView+WebCache.h"; sourceTree = "<group>"; };
		01CD6B751B0DFC57003CCB9C /* MKAnnotationView+WebCache.m */ = {isa = PBXFileReference; fileEncoding = 4; lastKnownFileType = sourcecode.c.objc; path = "MKAnnotationView+WebCache.m"; sourceTree = "<group>"; };
		01CD6B761B0DFC57003CCB9C /* NSData+ImageContentType.h */ = {isa = PBXFileReference; fileEncoding = 4; lastKnownFileType = sourcecode.c.h; path = "NSData+ImageContentType.h"; sourceTree = "<group>"; };
		01CD6B771B0DFC57003CCB9C /* NSData+ImageContentType.m */ = {isa = PBXFileReference; fileEncoding = 4; lastKnownFileType = sourcecode.c.objc; path = "NSData+ImageContentType.m"; sourceTree = "<group>"; };
		01CD6B781B0DFC57003CCB9C /* SDImageCache.h */ = {isa = PBXFileReference; fileEncoding = 4; lastKnownFileType = sourcecode.c.h; path = SDImageCache.h; sourceTree = "<group>"; };
		01CD6B791B0DFC57003CCB9C /* SDImageCache.m */ = {isa = PBXFileReference; fileEncoding = 4; lastKnownFileType = sourcecode.c.objc; path = SDImageCache.m; sourceTree = "<group>"; };
		01CD6B7A1B0DFC57003CCB9C /* SDWebImageCompat.h */ = {isa = PBXFileReference; fileEncoding = 4; lastKnownFileType = sourcecode.c.h; path = SDWebImageCompat.h; sourceTree = "<group>"; };
		01CD6B7B1B0DFC57003CCB9C /* SDWebImageCompat.m */ = {isa = PBXFileReference; fileEncoding = 4; lastKnownFileType = sourcecode.c.objc; path = SDWebImageCompat.m; sourceTree = "<group>"; };
		01CD6B7C1B0DFC57003CCB9C /* SDWebImageDecoder.h */ = {isa = PBXFileReference; fileEncoding = 4; lastKnownFileType = sourcecode.c.h; path = SDWebImageDecoder.h; sourceTree = "<group>"; };
		01CD6B7D1B0DFC57003CCB9C /* SDWebImageDecoder.m */ = {isa = PBXFileReference; fileEncoding = 4; lastKnownFileType = sourcecode.c.objc; path = SDWebImageDecoder.m; sourceTree = "<group>"; };
		01CD6B7E1B0DFC57003CCB9C /* SDWebImageDownloader.h */ = {isa = PBXFileReference; fileEncoding = 4; lastKnownFileType = sourcecode.c.h; path = SDWebImageDownloader.h; sourceTree = "<group>"; };
		01CD6B7F1B0DFC57003CCB9C /* SDWebImageDownloader.m */ = {isa = PBXFileReference; fileEncoding = 4; lastKnownFileType = sourcecode.c.objc; path = SDWebImageDownloader.m; sourceTree = "<group>"; };
		01CD6B801B0DFC57003CCB9C /* SDWebImageDownloaderOperation.h */ = {isa = PBXFileReference; fileEncoding = 4; lastKnownFileType = sourcecode.c.h; path = SDWebImageDownloaderOperation.h; sourceTree = "<group>"; };
		01CD6B811B0DFC57003CCB9C /* SDWebImageDownloaderOperation.m */ = {isa = PBXFileReference; fileEncoding = 4; lastKnownFileType = sourcecode.c.objc; path = SDWebImageDownloaderOperation.m; sourceTree = "<group>"; };
		01CD6B821B0DFC57003CCB9C /* SDWebImageManager.h */ = {isa = PBXFileReference; fileEncoding = 4; lastKnownFileType = sourcecode.c.h; path = SDWebImageManager.h; sourceTree = "<group>"; };
		01CD6B831B0DFC57003CCB9C /* SDWebImageManager.m */ = {isa = PBXFileReference; fileEncoding = 4; lastKnownFileType = sourcecode.c.objc; path = SDWebImageManager.m; sourceTree = "<group>"; };
		01CD6B841B0DFC57003CCB9C /* SDWebImageOperation.h */ = {isa = PBXFileReference; fileEncoding = 4; lastKnownFileType = sourcecode.c.h; path = SDWebImageOperation.h; sourceTree = "<group>"; };
		01CD6B851B0DFC57003CCB9C /* SDWebImagePrefetcher.h */ = {isa = PBXFileReference; fileEncoding = 4; lastKnownFileType = sourcecode.c.h; path = SDWebImagePrefetcher.h; sourceTree = "<group>"; };
		01CD6B861B0DFC57003CCB9C /* SDWebImagePrefetcher.m */ = {isa = PBXFileReference; fileEncoding = 4; lastKnownFileType = sourcecode.c.objc; path = SDWebImagePrefetcher.m; sourceTree = "<group>"; };
		01CD6B871B0DFC57003CCB9C /* UIButton+WebCache.h */ = {isa = PBXFileReference; fileEncoding = 4; lastKnownFileType = sourcecode.c.h; path = "UIButton+WebCache.h"; sourceTree = "<group>"; };
		01CD6B881B0DFC57003CCB9C /* UIButton+WebCache.m */ = {isa = PBXFileReference; fileEncoding = 4; lastKnownFileType = sourcecode.c.objc; path = "UIButton+WebCache.m"; sourceTree = "<group>"; };
		01CD6B891B0DFC57003CCB9C /* UIImage+GIF.h */ = {isa = PBXFileReference; fileEncoding = 4; lastKnownFileType = sourcecode.c.h; path = "UIImage+GIF.h"; sourceTree = "<group>"; };
		01CD6B8A1B0DFC57003CCB9C /* UIImage+GIF.m */ = {isa = PBXFileReference; fileEncoding = 4; lastKnownFileType = sourcecode.c.objc; path = "UIImage+GIF.m"; sourceTree = "<group>"; };
		01CD6B8B1B0DFC57003CCB9C /* UIImage+MultiFormat.h */ = {isa = PBXFileReference; fileEncoding = 4; lastKnownFileType = sourcecode.c.h; path = "UIImage+MultiFormat.h"; sourceTree = "<group>"; };
		01CD6B8C1B0DFC57003CCB9C /* UIImage+MultiFormat.m */ = {isa = PBXFileReference; fileEncoding = 4; lastKnownFileType = sourcecode.c.objc; path = "UIImage+MultiFormat.m"; sourceTree = "<group>"; };
		01CD6B8D1B0DFC57003CCB9C /* UIImage+WebP.h */ = {isa = PBXFileReference; fileEncoding = 4; lastKnownFileType = sourcecode.c.h; path = "UIImage+WebP.h"; sourceTree = "<group>"; };
		01CD6B8E1B0DFC57003CCB9C /* UIImage+WebP.m */ = {isa = PBXFileReference; fileEncoding = 4; lastKnownFileType = sourcecode.c.objc; path = "UIImage+WebP.m"; sourceTree = "<group>"; };
		01CD6B8F1B0DFC57003CCB9C /* UIImageView+WebCache.h */ = {isa = PBXFileReference; fileEncoding = 4; lastKnownFileType = sourcecode.c.h; path = "UIImageView+WebCache.h"; sourceTree = "<group>"; };
		01CD6B901B0DFC57003CCB9C /* UIImageView+WebCache.m */ = {isa = PBXFileReference; fileEncoding = 4; lastKnownFileType = sourcecode.c.objc; path = "UIImageView+WebCache.m"; sourceTree = "<group>"; };
		01EB61191AF74C5A006E623C /* AFNetworkActivityIndicatorManager.h */ = {isa = PBXFileReference; fileEncoding = 4; lastKnownFileType = sourcecode.c.h; path = AFNetworkActivityIndicatorManager.h; sourceTree = "<group>"; };
		01EB611A1AF74C5A006E623C /* AFNetworkActivityIndicatorManager.m */ = {isa = PBXFileReference; fileEncoding = 4; lastKnownFileType = sourcecode.c.objc; path = AFNetworkActivityIndicatorManager.m; sourceTree = "<group>"; };
		01EB611B1AF74C5A006E623C /* UIActivityIndicatorView+AFNetworking.h */ = {isa = PBXFileReference; fileEncoding = 4; lastKnownFileType = sourcecode.c.h; path = "UIActivityIndicatorView+AFNetworking.h"; sourceTree = "<group>"; };
		01EB611C1AF74C5A006E623C /* UIActivityIndicatorView+AFNetworking.m */ = {isa = PBXFileReference; fileEncoding = 4; lastKnownFileType = sourcecode.c.objc; path = "UIActivityIndicatorView+AFNetworking.m"; sourceTree = "<group>"; };
		01EB611D1AF74C5A006E623C /* UIAlertView+AFNetworking.h */ = {isa = PBXFileReference; fileEncoding = 4; lastKnownFileType = sourcecode.c.h; path = "UIAlertView+AFNetworking.h"; sourceTree = "<group>"; };
		01EB611E1AF74C5A006E623C /* UIAlertView+AFNetworking.m */ = {isa = PBXFileReference; fileEncoding = 4; lastKnownFileType = sourcecode.c.objc; path = "UIAlertView+AFNetworking.m"; sourceTree = "<group>"; };
		01EB611F1AF74C5A006E623C /* UIButton+AFNetworking.h */ = {isa = PBXFileReference; fileEncoding = 4; lastKnownFileType = sourcecode.c.h; path = "UIButton+AFNetworking.h"; sourceTree = "<group>"; };
		01EB61201AF74C5A006E623C /* UIButton+AFNetworking.m */ = {isa = PBXFileReference; fileEncoding = 4; lastKnownFileType = sourcecode.c.objc; path = "UIButton+AFNetworking.m"; sourceTree = "<group>"; };
		01EB61211AF74C5A006E623C /* UIImageView+AFNetworking.h */ = {isa = PBXFileReference; fileEncoding = 4; lastKnownFileType = sourcecode.c.h; path = "UIImageView+AFNetworking.h"; sourceTree = "<group>"; };
		01EB61221AF74C5A006E623C /* UIImageView+AFNetworking.m */ = {isa = PBXFileReference; fileEncoding = 4; lastKnownFileType = sourcecode.c.objc; path = "UIImageView+AFNetworking.m"; sourceTree = "<group>"; };
		01EB61231AF74C5A006E623C /* UIKit+AFNetworking.h */ = {isa = PBXFileReference; fileEncoding = 4; lastKnownFileType = sourcecode.c.h; path = "UIKit+AFNetworking.h"; sourceTree = "<group>"; };
		01EB61241AF74C5A006E623C /* UIProgressView+AFNetworking.h */ = {isa = PBXFileReference; fileEncoding = 4; lastKnownFileType = sourcecode.c.h; path = "UIProgressView+AFNetworking.h"; sourceTree = "<group>"; };
		01EB61251AF74C5A006E623C /* UIProgressView+AFNetworking.m */ = {isa = PBXFileReference; fileEncoding = 4; lastKnownFileType = sourcecode.c.objc; path = "UIProgressView+AFNetworking.m"; sourceTree = "<group>"; };
		01EB61261AF74C5A006E623C /* UIRefreshControl+AFNetworking.h */ = {isa = PBXFileReference; fileEncoding = 4; lastKnownFileType = sourcecode.c.h; path = "UIRefreshControl+AFNetworking.h"; sourceTree = "<group>"; };
		01EB61271AF74C5A006E623C /* UIRefreshControl+AFNetworking.m */ = {isa = PBXFileReference; fileEncoding = 4; lastKnownFileType = sourcecode.c.objc; path = "UIRefreshControl+AFNetworking.m"; sourceTree = "<group>"; };
		01EB61281AF74C5A006E623C /* UIWebView+AFNetworking.h */ = {isa = PBXFileReference; fileEncoding = 4; lastKnownFileType = sourcecode.c.h; path = "UIWebView+AFNetworking.h"; sourceTree = "<group>"; };
		01EB61291AF74C5A006E623C /* UIWebView+AFNetworking.m */ = {isa = PBXFileReference; fileEncoding = 4; lastKnownFileType = sourcecode.c.objc; path = "UIWebView+AFNetworking.m"; sourceTree = "<group>"; };
		01EB61321AF74CC3006E623C /* RootTabBarController.h */ = {isa = PBXFileReference; fileEncoding = 4; lastKnownFileType = sourcecode.c.h; path = RootTabBarController.h; sourceTree = "<group>"; };
		01EB61331AF74CC3006E623C /* RootTabBarController.m */ = {isa = PBXFileReference; fileEncoding = 4; lastKnownFileType = sourcecode.c.objc; path = RootTabBarController.m; sourceTree = "<group>"; };
		01EB61361AF74F91006E623C /* AFHTTPRequestOperation.h */ = {isa = PBXFileReference; fileEncoding = 4; lastKnownFileType = sourcecode.c.h; path = AFHTTPRequestOperation.h; sourceTree = "<group>"; };
		01EB61371AF74F91006E623C /* AFHTTPRequestOperation.m */ = {isa = PBXFileReference; fileEncoding = 4; lastKnownFileType = sourcecode.c.objc; path = AFHTTPRequestOperation.m; sourceTree = "<group>"; };
		01EB61381AF74F91006E623C /* AFHTTPRequestOperationManager.h */ = {isa = PBXFileReference; fileEncoding = 4; lastKnownFileType = sourcecode.c.h; path = AFHTTPRequestOperationManager.h; sourceTree = "<group>"; };
		01EB61391AF74F91006E623C /* AFHTTPRequestOperationManager.m */ = {isa = PBXFileReference; fileEncoding = 4; lastKnownFileType = sourcecode.c.objc; path = AFHTTPRequestOperationManager.m; sourceTree = "<group>"; };
		01EB613A1AF74F91006E623C /* AFHTTPSessionManager.h */ = {isa = PBXFileReference; fileEncoding = 4; lastKnownFileType = sourcecode.c.h; path = AFHTTPSessionManager.h; sourceTree = "<group>"; };
		01EB613B1AF74F91006E623C /* AFHTTPSessionManager.m */ = {isa = PBXFileReference; fileEncoding = 4; lastKnownFileType = sourcecode.c.objc; path = AFHTTPSessionManager.m; sourceTree = "<group>"; };
		01EB613C1AF74F91006E623C /* AFNetworking.h */ = {isa = PBXFileReference; fileEncoding = 4; lastKnownFileType = sourcecode.c.h; path = AFNetworking.h; sourceTree = "<group>"; };
		01EB613D1AF74F91006E623C /* AFNetworkReachabilityManager.h */ = {isa = PBXFileReference; fileEncoding = 4; lastKnownFileType = sourcecode.c.h; path = AFNetworkReachabilityManager.h; sourceTree = "<group>"; };
		01EB613E1AF74F91006E623C /* AFNetworkReachabilityManager.m */ = {isa = PBXFileReference; fileEncoding = 4; lastKnownFileType = sourcecode.c.objc; path = AFNetworkReachabilityManager.m; sourceTree = "<group>"; };
		01EB613F1AF74F91006E623C /* AFSecurityPolicy.h */ = {isa = PBXFileReference; fileEncoding = 4; lastKnownFileType = sourcecode.c.h; path = AFSecurityPolicy.h; sourceTree = "<group>"; };
		01EB61401AF74F91006E623C /* AFSecurityPolicy.m */ = {isa = PBXFileReference; fileEncoding = 4; lastKnownFileType = sourcecode.c.objc; path = AFSecurityPolicy.m; sourceTree = "<group>"; };
		01EB61411AF74F91006E623C /* AFURLConnectionOperation.h */ = {isa = PBXFileReference; fileEncoding = 4; lastKnownFileType = sourcecode.c.h; path = AFURLConnectionOperation.h; sourceTree = "<group>"; };
		01EB61421AF74F91006E623C /* AFURLConnectionOperation.m */ = {isa = PBXFileReference; fileEncoding = 4; lastKnownFileType = sourcecode.c.objc; path = AFURLConnectionOperation.m; sourceTree = "<group>"; };
		01EB61431AF74F91006E623C /* AFURLRequestSerialization.h */ = {isa = PBXFileReference; fileEncoding = 4; lastKnownFileType = sourcecode.c.h; path = AFURLRequestSerialization.h; sourceTree = "<group>"; };
		01EB61441AF74F91006E623C /* AFURLRequestSerialization.m */ = {isa = PBXFileReference; fileEncoding = 4; lastKnownFileType = sourcecode.c.objc; path = AFURLRequestSerialization.m; sourceTree = "<group>"; };
		01EB61451AF74F91006E623C /* AFURLResponseSerialization.h */ = {isa = PBXFileReference; fileEncoding = 4; lastKnownFileType = sourcecode.c.h; path = AFURLResponseSerialization.h; sourceTree = "<group>"; };
		01EB61461AF74F91006E623C /* AFURLResponseSerialization.m */ = {isa = PBXFileReference; fileEncoding = 4; lastKnownFileType = sourcecode.c.objc; path = AFURLResponseSerialization.m; sourceTree = "<group>"; };
		01EB61471AF74F91006E623C /* AFURLSessionManager.h */ = {isa = PBXFileReference; fileEncoding = 4; lastKnownFileType = sourcecode.c.h; path = AFURLSessionManager.h; sourceTree = "<group>"; };
		01EB61481AF74F91006E623C /* AFURLSessionManager.m */ = {isa = PBXFileReference; fileEncoding = 4; lastKnownFileType = sourcecode.c.objc; path = AFURLSessionManager.m; sourceTree = "<group>"; };
		18321E131AE013C800263CF9 /* iRefuel.app */ = {isa = PBXFileReference; explicitFileType = wrapper.application; includeInIndex = 0; path = iRefuel.app; sourceTree = BUILT_PRODUCTS_DIR; };
		18321E181AE013C800263CF9 /* main.m */ = {isa = PBXFileReference; lastKnownFileType = sourcecode.c.objc; path = main.m; sourceTree = "<group>"; };
		18321E1A1AE013C800263CF9 /* AppDelegate.h */ = {isa = PBXFileReference; lastKnownFileType = sourcecode.c.h; path = AppDelegate.h; sourceTree = "<group>"; };
		18321E1B1AE013C800263CF9 /* AppDelegate.mm */ = {isa = PBXFileReference; lastKnownFileType = sourcecode.cpp.objcpp; path = AppDelegate.mm; sourceTree = "<group>"; };
		18321E241AE013C800263CF9 /* Base */ = {isa = PBXFileReference; lastKnownFileType = file.storyboard; name = Base; path = Base.lproj/Main.storyboard; sourceTree = "<group>"; };
		18321E261AE013C800263CF9 /* Images.xcassets */ = {isa = PBXFileReference; lastKnownFileType = folder.assetcatalog; path = Images.xcassets; sourceTree = "<group>"; };
		18321E291AE013C800263CF9 /* Base */ = {isa = PBXFileReference; lastKnownFileType = file.xib; name = Base; path = Base.lproj/LaunchScreen.xib; sourceTree = "<group>"; };
		18321E2F1AE013C800263CF9 /* iRefuelTests.xctest */ = {isa = PBXFileReference; explicitFileType = wrapper.cfbundle; includeInIndex = 0; path = iRefuelTests.xctest; sourceTree = BUILT_PRODUCTS_DIR; };
		18321E341AE013C800263CF9 /* Info.plist */ = {isa = PBXFileReference; lastKnownFileType = text.plist.xml; path = Info.plist; sourceTree = "<group>"; };
		18321E351AE013C800263CF9 /* iRefuelTests.m */ = {isa = PBXFileReference; lastKnownFileType = sourcecode.c.objc; path = iRefuelTests.m; sourceTree = "<group>"; };
		18321E421AE0167D00263CF9 /* Default-568h@2x.png */ = {isa = PBXFileReference; lastKnownFileType = image.png; path = "Default-568h@2x.png"; sourceTree = "<group>"; };
/* End PBXFileReference section */

/* Begin PBXFrameworksBuildPhase section */
		18321E101AE013C800263CF9 /* Frameworks */ = {
			isa = PBXFrameworksBuildPhase;
			buildActionMask = 2147483647;
			files = (
				016410C91B130394002869C7 /* libc++abi.dylib in Frameworks */,
				0142108C1B0AFDA400CB5AF7 /* AVFoundation.framework in Frameworks */,
				01631D051B01D6B700DC1888 /* CoreGraphics.framework in Frameworks */,
				01631D031B01D67C00DC1888 /* Security.framework in Frameworks */,
				01631CFB1B01D64200DC1888 /* CoreLocation.framework in Frameworks */,
				01631D011B01D66400DC1888 /* SystemConfiguration.framework in Frameworks */,
				01631CFF1B01D65900DC1888 /* OpenGLES.framework in Frameworks */,
				01631CFD1B01D64D00DC1888 /* QuartzCore.framework in Frameworks */,
				0148DD421AF7813100BAA18C /* libstdc++.dylib in Frameworks */,
				0148DD261AF77C2700BAA18C /* libsqlite3.0.dylib in Frameworks */,
				0148DD241AF77C0C00BAA18C /* libz.dylib in Frameworks */,
				01631CF91B01D5FB00DC1888 /* BaiduMapAPI.framework in Frameworks */,
				0148DD1F1AF777B600BAA18C /* libWeChatSDK.a in Frameworks */,
			);
			runOnlyForDeploymentPostprocessing = 0;
		};
		18321E2C1AE013C800263CF9 /* Frameworks */ = {
			isa = PBXFrameworksBuildPhase;
			buildActionMask = 2147483647;
			files = (
			);
			runOnlyForDeploymentPostprocessing = 0;
		};
/* End PBXFrameworksBuildPhase section */

/* Begin PBXGroup section */
		0148DD161AF775F000BAA18C /* Models */ = {
			isa = PBXGroup;
			children = (
				0148DD171AF775F000BAA18C /* CommonUtil.h */,
				0148DD181AF775F000BAA18C /* CommonUtil.m */,
				016410C51B12F916002869C7 /* MyPreference.h */,
				016410C61B12F916002869C7 /* MyPreference.m */,
			);
			path = Models;
			sourceTree = "<group>";
		};
		0148DD1A1AF777B600BAA18C /* WeChatSDK_1.4.1 */ = {
			isa = PBXGroup;
			children = (
				01AFE7B41AFB41D0006EEE27 /* ApiXml.h */,
				01AFE7B51AFB41D0006EEE27 /* ApiXml.mm */,
				01AFE7B61AFB41D0006EEE27 /* payRequsestHandler.h */,
				01AFE7B71AFB41D0006EEE27 /* payRequsestHandler.mm */,
				01AFE7B81AFB41D0006EEE27 /* WXUtil.h */,
				01AFE7B91AFB41D0006EEE27 /* WXUtil.mm */,
				0148DD1B1AF777B600BAA18C /* libWeChatSDK.a */,
				0148DD1C1AF777B600BAA18C /* readme.txt */,
				0148DD1D1AF777B600BAA18C /* WXApi.h */,
				0148DD1E1AF777B600BAA18C /* WXApiObject.h */,
			);
			path = WeChatSDK_1.4.1;
			sourceTree = "<group>";
		};
		01533E331AF8B7B6000029C0 /* CommonView */ = {
			isa = PBXGroup;
			children = (
				01533E341AF8B7B6000029C0 /* MBHUD */,
			);
			path = CommonView;
			sourceTree = "<group>";
		};
		01533E341AF8B7B6000029C0 /* MBHUD */ = {
			isa = PBXGroup;
			children = (
				01533E351AF8B7B6000029C0 /* MBProgressHUD.h */,
				01533E361AF8B7B6000029C0 /* MBProgressHUD.m */,
			);
			path = MBHUD;
			sourceTree = "<group>";
		};
		01631CF71B01D5FB00DC1888 /* baiduMap */ = {
			isa = PBXGroup;
			children = (
				0159853D1B1063BB006A3CD4 /* mapapi.bundle */,
				01631CF81B01D5FB00DC1888 /* BaiduMapAPI.framework */,
			);
			path = baiduMap;
			sourceTree = "<group>";
		};
		018AC61A1AFE047400A220FE /* 充值 */ = {
			isa = PBXGroup;
			children = (
				018AC6271AFE053D00A220FE /* SecondViewController.h */,
				018AC6281AFE053D00A220FE /* SecondViewController.m */,
			);
			path = "充值";
			sourceTree = "<group>";
		};
		018AC61B1AFE047400A220FE /* 登陆注册 */ = {
			isa = PBXGroup;
			children = (
				018AC61C1AFE047400A220FE /* LoginViewController.h */,
				018AC61D1AFE047400A220FE /* LoginViewController.m */,
				018AC61E1AFE047400A220FE /* TreatyViewController.h */,
				018AC61F1AFE047400A220FE /* TreatyViewController.m */,
			);
			path = "登陆注册";
			sourceTree = "<group>";
		};
		018AC6201AFE047400A220FE /* 首页 */ = {
			isa = PBXGroup;
			children = (
				018AC6241AFE052A00A220FE /* FirstViewController.h */,
				018AC6251AFE052A00A220FE /* FirstViewController.m */,
				0142108D1B0B0A2400CB5AF7 /* ScanCodeViewController.h */,
				0142108E1B0B0A2400CB5AF7 /* ScanCodeViewController.m */,
				014210901B0B138A00CB5AF7 /* GasStationDetailViewController.h */,
				014210911B0B138A00CB5AF7 /* GasStationDetailViewController.m */,
				01620C951B0D97EA009F647C /* StationDetailViewController.h */,
				01620C961B0D97EA009F647C /* StationDetailViewController.m */,
				01620C971B0D97EA009F647C /* StationDetailViewController.xib */,
				01CC49841B0C74E4007B7237 /* StationDetailTableViewCell.h */,
				01CC49851B0C74E4007B7237 /* StationDetailTableViewCell.m */,
				01CC49861B0C74E4007B7237 /* StationDetailTableViewCell.xib */,
				0159853A1B105268006A3CD4 /* BaiduMapViewController.h */,
				0159853B1B105268006A3CD4 /* BaiduMapViewController.m */,
				016410C21B12E208002869C7 /* ConsumedViewController.h */,
				016410C31B12E208002869C7 /* ConsumedViewController.m */,
			);
			path = "首页";
			sourceTree = "<group>";
		};
		018AC6211AFE047400A220FE /* 我的 */ = {
			isa = PBXGroup;
			children = (
				01402D971B00C92000DAE4F6 /* MyViewController.h */,
				01402D981B00C92000DAE4F6 /* MyViewController.m */,
				01CC49891B0C7C79007B7237 /* MyInfoViewController.h */,
				01CC498A1B0C7C79007B7237 /* MyInfoViewController.m */,
				01CC498C1B0C8F0B007B7237 /* RevampViewController.h */,
				01CC498D1B0C8F0B007B7237 /* RevampViewController.m */,
				017386941B034642008AC34C /* BalanceAndPrepaidTakeViewController.h */,
				017386951B034642008AC34C /* BalanceAndPrepaidTakeViewController.m */,
				01645D611B0493AD00AD36EB /* RechargeAndBalanceViewController.h */,
				01645D621B0493AD00AD36EB /* RechargeAndBalanceViewController.m */,
				01645D631B0493AD00AD36EB /* RechargeAndBalanceViewController.xib */,
				01645D661B04A26500AD36EB /* RechargeAndBalanceCell.h */,
				01645D671B04A26500AD36EB /* RechargeAndBalanceCell.m */,
				01645D681B04A26500AD36EB /* RechargeAndBalanceCell.xib */,
				0173868F1B0316C9008AC34C /* SettingViewController.h */,
				017386901B0316CA008AC34C /* SettingViewController.m */,
				01645D4F1B04745B00AD36EB /* TransactionRecordViewController.h */,
				01645D501B04745B00AD36EB /* TransactionRecordViewController.m */,
				01458DA21B09B16500B4A6AF /* DealDetailViewController.h */,
				01458DA31B09B16500B4A6AF /* DealDetailViewController.m */,
				01458DA51B09C9EE00B4A6AF /* DealAppraiseViewController.h */,
				01458DA61B09C9EE00B4A6AF /* DealAppraiseViewController.m */,
			);
			path = "我的";
			sourceTree = "<group>";
		};
		01CD6B731B0DFC56003CCB9C /* SDWebImage */ = {
			isa = PBXGroup;
			children = (
				01CD6B741B0DFC57003CCB9C /* MKAnnotationView+WebCache.h */,
				01CD6B751B0DFC57003CCB9C /* MKAnnotationView+WebCache.m */,
				01CD6B761B0DFC57003CCB9C /* NSData+ImageContentType.h */,
				01CD6B771B0DFC57003CCB9C /* NSData+ImageContentType.m */,
				01CD6B781B0DFC57003CCB9C /* SDImageCache.h */,
				01CD6B791B0DFC57003CCB9C /* SDImageCache.m */,
				01CD6B7A1B0DFC57003CCB9C /* SDWebImageCompat.h */,
				01CD6B7B1B0DFC57003CCB9C /* SDWebImageCompat.m */,
				01CD6B7C1B0DFC57003CCB9C /* SDWebImageDecoder.h */,
				01CD6B7D1B0DFC57003CCB9C /* SDWebImageDecoder.m */,
				01CD6B7E1B0DFC57003CCB9C /* SDWebImageDownloader.h */,
				01CD6B7F1B0DFC57003CCB9C /* SDWebImageDownloader.m */,
				01CD6B801B0DFC57003CCB9C /* SDWebImageDownloaderOperation.h */,
				01CD6B811B0DFC57003CCB9C /* SDWebImageDownloaderOperation.m */,
				01CD6B821B0DFC57003CCB9C /* SDWebImageManager.h */,
				01CD6B831B0DFC57003CCB9C /* SDWebImageManager.m */,
				01CD6B841B0DFC57003CCB9C /* SDWebImageOperation.h */,
				01CD6B851B0DFC57003CCB9C /* SDWebImagePrefetcher.h */,
				01CD6B861B0DFC57003CCB9C /* SDWebImagePrefetcher.m */,
				01CD6B871B0DFC57003CCB9C /* UIButton+WebCache.h */,
				01CD6B881B0DFC57003CCB9C /* UIButton+WebCache.m */,
				01CD6B891B0DFC57003CCB9C /* UIImage+GIF.h */,
				01CD6B8A1B0DFC57003CCB9C /* UIImage+GIF.m */,
				01CD6B8B1B0DFC57003CCB9C /* UIImage+MultiFormat.h */,
				01CD6B8C1B0DFC57003CCB9C /* UIImage+MultiFormat.m */,
				01CD6B8D1B0DFC57003CCB9C /* UIImage+WebP.h */,
				01CD6B8E1B0DFC57003CCB9C /* UIImage+WebP.m */,
				01CD6B8F1B0DFC57003CCB9C /* UIImageView+WebCache.h */,
				01CD6B901B0DFC57003CCB9C /* UIImageView+WebCache.m */,
			);
			path = SDWebImage;
			sourceTree = "<group>";
		};
		01EB61161AF74C5A006E623C /* Controllers */ = {
			isa = PBXGroup;
			children = (
				018AC61A1AFE047400A220FE /* 充值 */,
				018AC61B1AFE047400A220FE /* 登陆注册 */,
				018AC6201AFE047400A220FE /* 首页 */,
				018AC6211AFE047400A220FE /* 我的 */,
				01533E331AF8B7B6000029C0 /* CommonView */,
			);
			path = Controllers;
			sourceTree = "<group>";
		};
		01EB61171AF74C5A006E623C /* libs */ = {
			isa = PBXGroup;
			children = (
				01CD6B731B0DFC56003CCB9C /* SDWebImage */,
				01631CF71B01D5FB00DC1888 /* baiduMap */,
				0148DD1A1AF777B600BAA18C /* WeChatSDK_1.4.1 */,
				01EB61351AF74F91006E623C /* AFNetworking */,
				01EB61181AF74C5A006E623C /* UIKit+AFNetworking */,
			);
			path = libs;
			sourceTree = "<group>";
		};
		01EB61181AF74C5A006E623C /* UIKit+AFNetworking */ = {
			isa = PBXGroup;
			children = (
				01EB61191AF74C5A006E623C /* AFNetworkActivityIndicatorManager.h */,
				01EB611A1AF74C5A006E623C /* AFNetworkActivityIndicatorManager.m */,
				01EB611B1AF74C5A006E623C /* UIActivityIndicatorView+AFNetworking.h */,
				01EB611C1AF74C5A006E623C /* UIActivityIndicatorView+AFNetworking.m */,
				01EB611D1AF74C5A006E623C /* UIAlertView+AFNetworking.h */,
				01EB611E1AF74C5A006E623C /* UIAlertView+AFNetworking.m */,
				01EB611F1AF74C5A006E623C /* UIButton+AFNetworking.h */,
				01EB61201AF74C5A006E623C /* UIButton+AFNetworking.m */,
				01EB61211AF74C5A006E623C /* UIImageView+AFNetworking.h */,
				01EB61221AF74C5A006E623C /* UIImageView+AFNetworking.m */,
				01EB61231AF74C5A006E623C /* UIKit+AFNetworking.h */,
				01EB61241AF74C5A006E623C /* UIProgressView+AFNetworking.h */,
				01EB61251AF74C5A006E623C /* UIProgressView+AFNetworking.m */,
				01EB61261AF74C5A006E623C /* UIRefreshControl+AFNetworking.h */,
				01EB61271AF74C5A006E623C /* UIRefreshControl+AFNetworking.m */,
				01EB61281AF74C5A006E623C /* UIWebView+AFNetworking.h */,
				01EB61291AF74C5A006E623C /* UIWebView+AFNetworking.m */,
			);
			path = "UIKit+AFNetworking";
			sourceTree = "<group>";
		};
		01EB61351AF74F91006E623C /* AFNetworking */ = {
			isa = PBXGroup;
			children = (
				01EB61361AF74F91006E623C /* AFHTTPRequestOperation.h */,
				01EB61371AF74F91006E623C /* AFHTTPRequestOperation.m */,
				01EB61381AF74F91006E623C /* AFHTTPRequestOperationManager.h */,
				01EB61391AF74F91006E623C /* AFHTTPRequestOperationManager.m */,
				01EB613A1AF74F91006E623C /* AFHTTPSessionManager.h */,
				01EB613B1AF74F91006E623C /* AFHTTPSessionManager.m */,
				01EB613C1AF74F91006E623C /* AFNetworking.h */,
				01EB613D1AF74F91006E623C /* AFNetworkReachabilityManager.h */,
				01EB613E1AF74F91006E623C /* AFNetworkReachabilityManager.m */,
				01EB613F1AF74F91006E623C /* AFSecurityPolicy.h */,
				01EB61401AF74F91006E623C /* AFSecurityPolicy.m */,
				01EB61411AF74F91006E623C /* AFURLConnectionOperation.h */,
				01EB61421AF74F91006E623C /* AFURLConnectionOperation.m */,
				01EB61431AF74F91006E623C /* AFURLRequestSerialization.h */,
				01EB61441AF74F91006E623C /* AFURLRequestSerialization.m */,
				01EB61451AF74F91006E623C /* AFURLResponseSerialization.h */,
				01EB61461AF74F91006E623C /* AFURLResponseSerialization.m */,
				01EB61471AF74F91006E623C /* AFURLSessionManager.h */,
				01EB61481AF74F91006E623C /* AFURLSessionManager.m */,
			);
			path = AFNetworking;
			sourceTree = "<group>";
		};
		18321E0A1AE013C700263CF9 = {
			isa = PBXGroup;
			children = (
				016410C81B130394002869C7 /* libc++abi.dylib */,
				0142108B1B0AFDA400CB5AF7 /* AVFoundation.framework */,
				01631D041B01D6B700DC1888 /* CoreGraphics.framework */,
				01631D021B01D67C00DC1888 /* Security.framework */,
				01631D001B01D66400DC1888 /* SystemConfiguration.framework */,
				01631CFE1B01D65900DC1888 /* OpenGLES.framework */,
				01631CFC1B01D64D00DC1888 /* QuartzCore.framework */,
				01631CFA1B01D64200DC1888 /* CoreLocation.framework */,
				18321E421AE0167D00263CF9 /* Default-568h@2x.png */,
				18321E151AE013C800263CF9 /* iRefuel */,
				18321E321AE013C800263CF9 /* iRefuelTests */,
				18321E141AE013C800263CF9 /* Products */,
			);
			sourceTree = "<group>";
		};
		18321E141AE013C800263CF9 /* Products */ = {
			isa = PBXGroup;
			children = (
				18321E131AE013C800263CF9 /* iRefuel.app */,
				18321E2F1AE013C800263CF9 /* iRefuelTests.xctest */,
			);
			name = Products;
			sourceTree = "<group>";
		};
		18321E151AE013C800263CF9 /* iRefuel */ = {
			isa = PBXGroup;
			children = (
				0148DD161AF775F000BAA18C /* Models */,
				01EB61161AF74C5A006E623C /* Controllers */,
				01EB61171AF74C5A006E623C /* libs */,
				18321E1A1AE013C800263CF9 /* AppDelegate.h */,
				18321E1B1AE013C800263CF9 /* AppDelegate.mm */,
				01EB61321AF74CC3006E623C /* RootTabBarController.h */,
				01EB61331AF74CC3006E623C /* RootTabBarController.m */,
				18321E231AE013C800263CF9 /* Main.storyboard */,
				18321E261AE013C800263CF9 /* Images.xcassets */,
				18321E281AE013C800263CF9 /* LaunchScreen.xib */,
				017386921B0324CE008AC34C /* PrefixHeader.pch */,
				017386931B032D03008AC34C /* MyDefine.h */,
				18321E161AE013C800263CF9 /* Supporting Files */,
			);
			path = iRefuel;
			sourceTree = "<group>";
		};
		18321E161AE013C800263CF9 /* Supporting Files */ = {
			isa = PBXGroup;
			children = (
				0148DD411AF7813100BAA18C /* libstdc++.dylib */,
				0148DD251AF77C2700BAA18C /* libsqlite3.0.dylib */,
				0148DD231AF77C0C00BAA18C /* libz.dylib */,
				18321E181AE013C800263CF9 /* main.m */,
			);
			name = "Supporting Files";
			sourceTree = "<group>";
		};
		18321E321AE013C800263CF9 /* iRefuelTests */ = {
			isa = PBXGroup;
			children = (
				01631D401B01EDF100DC1888 /* Info.plist */,
				18321E351AE013C800263CF9 /* iRefuelTests.m */,
				18321E331AE013C800263CF9 /* Supporting Files */,
			);
			path = iRefuelTests;
			sourceTree = "<group>";
		};
		18321E331AE013C800263CF9 /* Supporting Files */ = {
			isa = PBXGroup;
			children = (
				18321E341AE013C800263CF9 /* Info.plist */,
			);
			name = "Supporting Files";
			sourceTree = "<group>";
		};
/* End PBXGroup section */

/* Begin PBXNativeTarget section */
		18321E121AE013C800263CF9 /* iRefuel */ = {
			isa = PBXNativeTarget;
			buildConfigurationList = 18321E391AE013C800263CF9 /* Build configuration list for PBXNativeTarget "iRefuel" */;
			buildPhases = (
				18321E0F1AE013C800263CF9 /* Sources */,
				18321E101AE013C800263CF9 /* Frameworks */,
				18321E111AE013C800263CF9 /* Resources */,
			);
			buildRules = (
			);
			dependencies = (
			);
			name = iRefuel;
			productName = iRefuel;
			productReference = 18321E131AE013C800263CF9 /* iRefuel.app */;
			productType = "com.apple.product-type.application";
		};
		18321E2E1AE013C800263CF9 /* iRefuelTests */ = {
			isa = PBXNativeTarget;
			buildConfigurationList = 18321E3C1AE013C800263CF9 /* Build configuration list for PBXNativeTarget "iRefuelTests" */;
			buildPhases = (
				18321E2B1AE013C800263CF9 /* Sources */,
				18321E2C1AE013C800263CF9 /* Frameworks */,
				18321E2D1AE013C800263CF9 /* Resources */,
			);
			buildRules = (
			);
			dependencies = (
				18321E311AE013C800263CF9 /* PBXTargetDependency */,
			);
			name = iRefuelTests;
			productName = iRefuelTests;
			productReference = 18321E2F1AE013C800263CF9 /* iRefuelTests.xctest */;
			productType = "com.apple.product-type.bundle.unit-test";
		};
/* End PBXNativeTarget section */

/* Begin PBXProject section */
		18321E0B1AE013C800263CF9 /* Project object */ = {
			isa = PBXProject;
			attributes = {
				LastUpgradeCheck = 0630;
				ORGANIZATIONNAME = "SenseStrong E-Commerce Co. Ltd.";
				TargetAttributes = {
					18321E121AE013C800263CF9 = {
						CreatedOnToolsVersion = 6.3;
						DevelopmentTeam = 9VFW49RAFQ;
					};
					18321E2E1AE013C800263CF9 = {
						CreatedOnToolsVersion = 6.3;
						TestTargetID = 18321E121AE013C800263CF9;
					};
				};
			};
			buildConfigurationList = 18321E0E1AE013C800263CF9 /* Build configuration list for PBXProject "iRefuel" */;
			compatibilityVersion = "Xcode 3.2";
			developmentRegion = English;
			hasScannedForEncodings = 0;
			knownRegions = (
				en,
				Base,
			);
			mainGroup = 18321E0A1AE013C700263CF9;
			productRefGroup = 18321E141AE013C800263CF9 /* Products */;
			projectDirPath = "";
			projectRoot = "";
			targets = (
				18321E121AE013C800263CF9 /* iRefuel */,
				18321E2E1AE013C800263CF9 /* iRefuelTests */,
			);
		};
/* End PBXProject section */

/* Begin PBXResourcesBuildPhase section */
		18321E111AE013C800263CF9 /* Resources */ = {
			isa = PBXResourcesBuildPhase;
			buildActionMask = 2147483647;
			files = (
				01620C991B0D97EA009F647C /* StationDetailViewController.xib in Resources */,
				0159853E1B1063BB006A3CD4 /* mapapi.bundle in Resources */,
				0148DD201AF777B600BAA18C /* readme.txt in Resources */,
				18321E251AE013C800263CF9 /* Main.storyboard in Resources */,
				01645D651B0493AD00AD36EB /* RechargeAndBalanceViewController.xib in Resources */,
				18321E431AE0167D00263CF9 /* Default-568h@2x.png in Resources */,
				18321E2A1AE013C800263CF9 /* LaunchScreen.xib in Resources */,
				01645D6A1B04A26500AD36EB /* RechargeAndBalanceCell.xib in Resources */,
				18321E271AE013C800263CF9 /* Images.xcassets in Resources */,
				01CC49881B0C74E4007B7237 /* StationDetailTableViewCell.xib in Resources */,
			);
			runOnlyForDeploymentPostprocessing = 0;
		};
		18321E2D1AE013C800263CF9 /* Resources */ = {
			isa = PBXResourcesBuildPhase;
			buildActionMask = 2147483647;
			files = (
				01631D411B01EDF100DC1888 /* Info.plist in Resources */,
			);
			runOnlyForDeploymentPostprocessing = 0;
		};
/* End PBXResourcesBuildPhase section */

/* Begin PBXSourcesBuildPhase section */
		18321E0F1AE013C800263CF9 /* Sources */ = {
			isa = PBXSourcesBuildPhase;
			buildActionMask = 2147483647;
			files = (
				01CD6B9B1B0DFC57003CCB9C /* UIImage+GIF.m in Sources */,
				01EB612B1AF74C5A006E623C /* UIActivityIndicatorView+AFNetworking.m in Sources */,
				01CD6B911B0DFC57003CCB9C /* MKAnnotationView+WebCache.m in Sources */,
				01EB614A1AF74F92006E623C /* AFHTTPRequestOperationManager.m in Sources */,
				01CD6B981B0DFC57003CCB9C /* SDWebImageManager.m in Sources */,
				01645D511B04745B00AD36EB /* TransactionRecordViewController.m in Sources */,
				01CC498B1B0C7C79007B7237 /* MyInfoViewController.m in Sources */,
				017386961B034642008AC34C /* BalanceAndPrepaidTakeViewController.m in Sources */,
				01EB612C1AF74C5A006E623C /* UIAlertView+AFNetworking.m in Sources */,
				01458DA71B09C9EE00B4A6AF /* DealAppraiseViewController.m in Sources */,
				018AC6221AFE047500A220FE /* LoginViewController.m in Sources */,
				01CD6B9D1B0DFC57003CCB9C /* UIImage+WebP.m in Sources */,
				01EB614E1AF74F92006E623C /* AFURLConnectionOperation.m in Sources */,
				18321E1C1AE013C800263CF9 /* AppDelegate.mm in Sources */,
				01EB61341AF74CC3006E623C /* RootTabBarController.m in Sources */,
				01533E371AF8B7B6000029C0 /* MBProgressHUD.m in Sources */,
				014210921B0B138A00CB5AF7 /* GasStationDetailViewController.m in Sources */,
				018AC6291AFE053D00A220FE /* SecondViewController.m in Sources */,
				01EB614F1AF74F92006E623C /* AFURLRequestSerialization.m in Sources */,
				01AFE7BB1AFB41D0006EEE27 /* payRequsestHandler.mm in Sources */,
				01AFE7BA1AFB41D0006EEE27 /* ApiXml.mm in Sources */,
				01EB612F1AF74C5A006E623C /* UIProgressView+AFNetworking.m in Sources */,
				01EB614B1AF74F92006E623C /* AFHTTPSessionManager.m in Sources */,
				017386911B0316CA008AC34C /* SettingViewController.m in Sources */,
				0142108F1B0B0A2400CB5AF7 /* ScanCodeViewController.m in Sources */,
				01EB61491AF74F92006E623C /* AFHTTPRequestOperation.m in Sources */,
				016410C71B12F916002869C7 /* MyPreference.m in Sources */,
				016410C41B12E208002869C7 /* ConsumedViewController.m in Sources */,
				01CD6B9A1B0DFC57003CCB9C /* UIButton+WebCache.m in Sources */,
				01EB614D1AF74F92006E623C /* AFSecurityPolicy.m in Sources */,
				01CC498E1B0C8F0B007B7237 /* RevampViewController.m in Sources */,
				01CD6B9E1B0DFC57003CCB9C /* UIImageView+WebCache.m in Sources */,
				01CD6B931B0DFC57003CCB9C /* SDImageCache.m in Sources */,
				01CD6B941B0DFC57003CCB9C /* SDWebImageCompat.m in Sources */,
				01645D691B04A26500AD36EB /* RechargeAndBalanceCell.m in Sources */,
				01CD6B991B0DFC57003CCB9C /* SDWebImagePrefetcher.m in Sources */,
				01CD6B9C1B0DFC57003CCB9C /* UIImage+MultiFormat.m in Sources */,
				01CD6B951B0DFC57003CCB9C /* SDWebImageDecoder.m in Sources */,
				18321E191AE013C800263CF9 /* main.m in Sources */,
				01EB614C1AF74F92006E623C /* AFNetworkReachabilityManager.m in Sources */,
				01AFE7BC1AFB41D0006EEE27 /* WXUtil.mm in Sources */,
				0148DD191AF775F000BAA18C /* CommonUtil.m in Sources */,
				018AC6231AFE047500A220FE /* TreatyViewController.m in Sources */,
				01458DA41B09B16500B4A6AF /* DealDetailViewController.m in Sources */,
				01EB61511AF74F92006E623C /* AFURLSessionManager.m in Sources */,
				01EB61301AF74C5A006E623C /* UIRefreshControl+AFNetworking.m in Sources */,
				01CC49871B0C74E4007B7237 /* StationDetailTableViewCell.m in Sources */,
				01EB61311AF74C5A006E623C /* UIWebView+AFNetworking.m in Sources */,
				01402D991B00C92000DAE4F6 /* MyViewController.m in Sources */,
				01645D641B0493AD00AD36EB /* RechargeAndBalanceViewController.m in Sources */,
				01620C981B0D97EA009F647C /* StationDetailViewController.m in Sources */,
				018AC6261AFE052A00A220FE /* FirstViewController.m in Sources */,
				01CD6B921B0DFC57003CCB9C /* NSData+ImageContentType.m in Sources */,
				01EB612D1AF74C5A006E623C /* UIButton+AFNetworking.m in Sources */,
				01EB612E1AF74C5A006E623C /* UIImageView+AFNetworking.m in Sources */,
				0159853C1B105268006A3CD4 /* BaiduMapViewController.m in Sources */,
				01CD6B971B0DFC57003CCB9C /* SDWebImageDownloaderOperation.m in Sources */,
				01EB61501AF74F92006E623C /* AFURLResponseSerialization.m in Sources */,
				01CD6B961B0DFC57003CCB9C /* SDWebImageDownloader.m in Sources */,
				01EB612A1AF74C5A006E623C /* AFNetworkActivityIndicatorManager.m in Sources */,
			);
			runOnlyForDeploymentPostprocessing = 0;
		};
		18321E2B1AE013C800263CF9 /* Sources */ = {
			isa = PBXSourcesBuildPhase;
			buildActionMask = 2147483647;
			files = (
				18321E361AE013C800263CF9 /* iRefuelTests.m in Sources */,
			);
			runOnlyForDeploymentPostprocessing = 0;
		};
/* End PBXSourcesBuildPhase section */

/* Begin PBXTargetDependency section */
		18321E311AE013C800263CF9 /* PBXTargetDependency */ = {
			isa = PBXTargetDependency;
			target = 18321E121AE013C800263CF9 /* iRefuel */;
			targetProxy = 18321E301AE013C800263CF9 /* PBXContainerItemProxy */;
		};
/* End PBXTargetDependency section */

/* Begin PBXVariantGroup section */
		18321E231AE013C800263CF9 /* Main.storyboard */ = {
			isa = PBXVariantGroup;
			children = (
				18321E241AE013C800263CF9 /* Base */,
			);
			name = Main.storyboard;
			sourceTree = "<group>";
		};
		18321E281AE013C800263CF9 /* LaunchScreen.xib */ = {
			isa = PBXVariantGroup;
			children = (
				18321E291AE013C800263CF9 /* Base */,
			);
			name = LaunchScreen.xib;
			sourceTree = "<group>";
		};
/* End PBXVariantGroup section */

/* Begin XCBuildConfiguration section */
		18321E371AE013C800263CF9 /* Debug */ = {
			isa = XCBuildConfiguration;
			buildSettings = {
				ALWAYS_SEARCH_USER_PATHS = NO;
				CLANG_CXX_LANGUAGE_STANDARD = "gnu++0x";
				CLANG_CXX_LIBRARY = "libc++";
				CLANG_ENABLE_MODULES = YES;
				CLANG_ENABLE_OBJC_ARC = YES;
				CLANG_WARN_BOOL_CONVERSION = YES;
				CLANG_WARN_CONSTANT_CONVERSION = YES;
				CLANG_WARN_DIRECT_OBJC_ISA_USAGE = YES_ERROR;
				CLANG_WARN_EMPTY_BODY = YES;
				CLANG_WARN_ENUM_CONVERSION = YES;
				CLANG_WARN_INT_CONVERSION = YES;
				CLANG_WARN_OBJC_ROOT_CLASS = YES_ERROR;
				CLANG_WARN_UNREACHABLE_CODE = YES;
				CLANG_WARN__DUPLICATE_METHOD_MATCH = YES;
				"CODE_SIGN_IDENTITY[sdk=iphoneos*]" = "iPhone Developer";
				COPY_PHASE_STRIP = NO;
				DEBUG_INFORMATION_FORMAT = "dwarf-with-dsym";
				ENABLE_STRICT_OBJC_MSGSEND = YES;
				GCC_C_LANGUAGE_STANDARD = gnu99;
				GCC_DYNAMIC_NO_PIC = NO;
				GCC_NO_COMMON_BLOCKS = YES;
				GCC_OPTIMIZATION_LEVEL = 0;
				GCC_PREPROCESSOR_DEFINITIONS = (
					"DEBUG=1",
					"$(inherited)",
				);
				GCC_SYMBOLS_PRIVATE_EXTERN = NO;
				GCC_WARN_64_TO_32_BIT_CONVERSION = YES;
				GCC_WARN_ABOUT_RETURN_TYPE = YES_ERROR;
				GCC_WARN_UNDECLARED_SELECTOR = YES;
				GCC_WARN_UNINITIALIZED_AUTOS = YES_AGGRESSIVE;
				GCC_WARN_UNUSED_FUNCTION = YES;
				GCC_WARN_UNUSED_VARIABLE = YES;
				IPHONEOS_DEPLOYMENT_TARGET = 7.0;
				MTL_ENABLE_DEBUG_INFO = YES;
				ONLY_ACTIVE_ARCH = YES;
				SDKROOT = iphoneos;
			};
			name = Debug;
		};
		18321E381AE013C800263CF9 /* Release */ = {
			isa = XCBuildConfiguration;
			buildSettings = {
				ALWAYS_SEARCH_USER_PATHS = NO;
				CLANG_CXX_LANGUAGE_STANDARD = "gnu++0x";
				CLANG_CXX_LIBRARY = "libc++";
				CLANG_ENABLE_MODULES = YES;
				CLANG_ENABLE_OBJC_ARC = YES;
				CLANG_WARN_BOOL_CONVERSION = YES;
				CLANG_WARN_CONSTANT_CONVERSION = YES;
				CLANG_WARN_DIRECT_OBJC_ISA_USAGE = YES_ERROR;
				CLANG_WARN_EMPTY_BODY = YES;
				CLANG_WARN_ENUM_CONVERSION = YES;
				CLANG_WARN_INT_CONVERSION = YES;
				CLANG_WARN_OBJC_ROOT_CLASS = YES_ERROR;
				CLANG_WARN_UNREACHABLE_CODE = YES;
				CLANG_WARN__DUPLICATE_METHOD_MATCH = YES;
				"CODE_SIGN_IDENTITY[sdk=iphoneos*]" = "iPhone Developer";
				COPY_PHASE_STRIP = NO;
				DEBUG_INFORMATION_FORMAT = "dwarf-with-dsym";
				ENABLE_NS_ASSERTIONS = NO;
				ENABLE_STRICT_OBJC_MSGSEND = YES;
				GCC_C_LANGUAGE_STANDARD = gnu99;
				GCC_NO_COMMON_BLOCKS = YES;
				GCC_WARN_64_TO_32_BIT_CONVERSION = YES;
				GCC_WARN_ABOUT_RETURN_TYPE = YES_ERROR;
				GCC_WARN_UNDECLARED_SELECTOR = YES;
				GCC_WARN_UNINITIALIZED_AUTOS = YES_AGGRESSIVE;
				GCC_WARN_UNUSED_FUNCTION = YES;
				GCC_WARN_UNUSED_VARIABLE = YES;
				IPHONEOS_DEPLOYMENT_TARGET = 7.0;
				MTL_ENABLE_DEBUG_INFO = NO;
				SDKROOT = iphoneos;
				VALIDATE_PRODUCT = YES;
			};
			name = Release;
		};
		18321E3A1AE013C800263CF9 /* Debug */ = {
			isa = XCBuildConfiguration;
			buildSettings = {
				ASSETCATALOG_COMPILER_APPICON_NAME = AppIcon;
				CODE_SIGN_IDENTITY = "iPhone Developer";
				"CODE_SIGN_IDENTITY[sdk=iphoneos*]" = "iPhone Developer";
				FRAMEWORK_SEARCH_PATHS = (
					"$(inherited)",
					"$(PROJECT_DIR)/iRefuel/libs/baiduMap",
				);
				GCC_INPUT_FILETYPE = automatic;
				GCC_PREFIX_HEADER = "$(SRCROOT)/iRefuel/PrefixHeader.pch";
				INFOPLIST_FILE = "$(SRCROOT)/iRefuelTests/Info.plist";
				IPHONEOS_DEPLOYMENT_TARGET = 7.0;
				LD_RUNPATH_SEARCH_PATHS = "$(inherited) @executable_path/Frameworks";
				LIBRARY_SEARCH_PATHS = (
					"$(inherited)",
					"$(PROJECT_DIR)/iRefuel/libs/WeChatSDK_1.4.1",
				);
				ONLY_ACTIVE_ARCH = YES;
				OTHER_LDFLAGS = "-ObjC";
				PRODUCT_NAME = "$(TARGET_NAME)";
				PROVISIONING_PROFILE = "";
			};
			name = Debug;
		};
		18321E3B1AE013C800263CF9 /* Release */ = {
			isa = XCBuildConfiguration;
			buildSettings = {
				ASSETCATALOG_COMPILER_APPICON_NAME = AppIcon;
				CODE_SIGN_IDENTITY = "iPhone Developer";
				"CODE_SIGN_IDENTITY[sdk=iphoneos*]" = "iPhone Developer";
				FRAMEWORK_SEARCH_PATHS = (
					"$(inherited)",
					"$(PROJECT_DIR)/iRefuel/libs/baiduMap",
				);
				GCC_INPUT_FILETYPE = automatic;
				GCC_PREFIX_HEADER = "$(SRCROOT)/iRefuel/PrefixHeader.pch";
				INFOPLIST_FILE = "$(SRCROOT)/iRefuelTests/Info.plist";
				IPHONEOS_DEPLOYMENT_TARGET = 7.0;
				LD_RUNPATH_SEARCH_PATHS = "$(inherited) @executable_path/Frameworks";
				LIBRARY_SEARCH_PATHS = (
					"$(inherited)",
					"$(PROJECT_DIR)/iRefuel/libs/WeChatSDK_1.4.1",
				);
				ONLY_ACTIVE_ARCH = YES;
				OTHER_LDFLAGS = "-ObjC";
				PRODUCT_NAME = "$(TARGET_NAME)";
				PROVISIONING_PROFILE = "";
			};
			name = Release;
		};
		18321E3D1AE013C800263CF9 /* Debug */ = {
			isa = XCBuildConfiguration;
			buildSettings = {
				BUNDLE_LOADER = "$(TEST_HOST)";
				FRAMEWORK_SEARCH_PATHS = (
					"$(SDKROOT)/Developer/Library/Frameworks",
					"$(inherited)",
				);
				GCC_PREPROCESSOR_DEFINITIONS = (
					"DEBUG=1",
					"$(inherited)",
				);
				INFOPLIST_FILE = iRefuelTests/Info.plist;
				LD_RUNPATH_SEARCH_PATHS = "$(inherited) @executable_path/Frameworks @loader_path/Frameworks";
				PRODUCT_NAME = "$(TARGET_NAME)";
				TEST_HOST = "$(BUILT_PRODUCTS_DIR)/iRefuel.app/iRefuel";
			};
			name = Debug;
		};
		18321E3E1AE013C800263CF9 /* Release */ = {
			isa = XCBuildConfiguration;
			buildSettings = {
				BUNDLE_LOADER = "$(TEST_HOST)";
				FRAMEWORK_SEARCH_PATHS = (
					"$(SDKROOT)/Developer/Library/Frameworks",
					"$(inherited)",
				);
				INFOPLIST_FILE = iRefuelTests/Info.plist;
				LD_RUNPATH_SEARCH_PATHS = "$(inherited) @executable_path/Frameworks @loader_path/Frameworks";
				PRODUCT_NAME = "$(TARGET_NAME)";
				TEST_HOST = "$(BUILT_PRODUCTS_DIR)/iRefuel.app/iRefuel";
			};
			name = Release;
		};
/* End XCBuildConfiguration section */

/* Begin XCConfigurationList section */
		18321E0E1AE013C800263CF9 /* Build configuration list for PBXProject "iRefuel" */ = {
			isa = XCConfigurationList;
			buildConfigurations = (
				18321E371AE013C800263CF9 /* Debug */,
				18321E381AE013C800263CF9 /* Release */,
			);
			defaultConfigurationIsVisible = 0;
			defaultConfigurationName = Release;
		};
		18321E391AE013C800263CF9 /* Build configuration list for PBXNativeTarget "iRefuel" */ = {
			isa = XCConfigurationList;
			buildConfigurations = (
				18321E3A1AE013C800263CF9 /* Debug */,
				18321E3B1AE013C800263CF9 /* Release */,
			);
			defaultConfigurationIsVisible = 0;
			defaultConfigurationName = Release;
		};
		18321E3C1AE013C800263CF9 /* Build configuration list for PBXNativeTarget "iRefuelTests" */ = {
			isa = XCConfigurationList;
			buildConfigurations = (
				18321E3D1AE013C800263CF9 /* Debug */,
				18321E3E1AE013C800263CF9 /* Release */,
			);
			defaultConfigurationIsVisible = 0;
			defaultConfigurationName = Release;
		};
/* End XCConfigurationList section */
	};
	rootObject = 18321E0B1AE013C800263CF9 /* Project object */;
}
