// !$*UTF8*$!
{
	archiveVersion = 1;
	classes = {
	};
	objectVersion = 46;
	objects = {

/* Begin PBXBuildFile section */
		18321E191AE013C800263CF9 /* main.m in Sources */ = {isa = PBXBuildFile; fileRef = 18321E181AE013C800263CF9 /* main.m */; };
		18321E1C1AE013C800263CF9 /* AppDelegate.m in Sources */ = {isa = PBXBuildFile; fileRef = 18321E1B1AE013C800263CF9 /* AppDelegate.m */; };
		18321E1F1AE013C800263CF9 /* FirstViewController.m in Sources */ = {isa = PBXBuildFile; fileRef = 18321E1E1AE013C800263CF9 /* FirstViewController.m */; };
		18321E221AE013C800263CF9 /* SecondViewController.m in Sources */ = {isa = PBXBuildFile; fileRef = 18321E211AE013C800263CF9 /* SecondViewController.m */; };
		18321E251AE013C800263CF9 /* Main.storyboard in Resources */ = {isa = PBXBuildFile; fileRef = 18321E231AE013C800263CF9 /* Main.storyboard */; };
		18321E271AE013C800263CF9 /* Images.xcassets in Resources */ = {isa = PBXBuildFile; fileRef = 18321E261AE013C800263CF9 /* Images.xcassets */; };
		18321E2A1AE013C800263CF9 /* LaunchScreen.xib in Resources */ = {isa = PBXBuildFile; fileRef = 18321E281AE013C800263CF9 /* LaunchScreen.xib */; };
		18321E361AE013C800263CF9 /* iRefuelTests.m in Sources */ = {isa = PBXBuildFile; fileRef = 18321E351AE013C800263CF9 /* iRefuelTests.m */; };
		18321E431AE0167D00263CF9 /* Default-568h@2x.png in Resources */ = {isa = PBXBuildFile; fileRef = 18321E421AE0167D00263CF9 /* Default-568h@2x.png */; };
/* End PBXBuildFile section */

/* Begin PBXContainerItemProxy section */
		18321E301AE013C800263CF9 /* PBXContainerItemProxy */ = {
			isa = PBXContainerItemProxy;
			containerPortal = 18321E0B1AE013C800263CF9 /* Project object */;
			proxyType = 1;
			remoteGlobalIDString = 18321E121AE013C800263CF9;
			remoteInfo = iRefuel;
		};
/* End PBXContainerItemProxy section */

/* Begin PBXFileReference section */
		18321E131AE013C800263CF9 /* iRefuel.app */ = {isa = PBXFileReference; explicitFileType = wrapper.application; includeInIndex = 0; path = iRefuel.app; sourceTree = BUILT_PRODUCTS_DIR; };
		18321E181AE013C800263CF9 /* main.m */ = {isa = PBXFileReference; lastKnownFileType = sourcecode.c.objc; path = main.m; sourceTree = "<group>"; };
		18321E1A1AE013C800263CF9 /* AppDelegate.h */ = {isa = PBXFileReference; lastKnownFileType = sourcecode.c.h; path = AppDelegate.h; sourceTree = "<group>"; };
		18321E1B1AE013C800263CF9 /* AppDelegate.m */ = {isa = PBXFileReference; lastKnownFileType = sourcecode.c.objc; path = AppDelegate.m; sourceTree = "<group>"; };
		18321E1D1AE013C800263CF9 /* FirstViewController.h */ = {isa = PBXFileReference; lastKnownFileType = sourcecode.c.h; path = FirstViewController.h; sourceTree = "<group>"; };
		18321E1E1AE013C800263CF9 /* FirstViewController.m */ = {isa = PBXFileReference; lastKnownFileType = sourcecode.c.objc; path = FirstViewController.m; sourceTree = "<group>"; };
		18321E201AE013C800263CF9 /* SecondViewController.h */ = {isa = PBXFileReference; lastKnownFileType = sourcecode.c.h; path = SecondViewController.h; sourceTree = "<group>"; };
		18321E211AE013C800263CF9 /* SecondViewController.m */ = {isa = PBXFileReference; lastKnownFileType = sourcecode.c.objc; path = SecondViewController.m; sourceTree = "<group>"; };
		18321E241AE013C800263CF9 /* Base */ = {isa = PBXFileReference; lastKnownFileType = file.storyboard; name = Base; path = Base.lproj/Main.storyboard; sourceTree = "<group>"; };
		18321E261AE013C800263CF9 /* Images.xcassets */ = {isa = PBXFileReference; lastKnownFileType = folder.assetcatalog; path = Images.xcassets; sourceTree = "<group>"; };
		18321E291AE013C800263CF9 /* Base */ = {isa = PBXFileReference; lastKnownFileType = file.xib; name = Base; path = Base.lproj/LaunchScreen.xib; sourceTree = "<group>"; };
		18321E2F1AE013C800263CF9 /* iRefuelTests.xctest */ = {isa = PBXFileReference; explicitFileType = wrapper.cfbundle; includeInIndex = 0; path = iRefuelTests.xctest; sourceTree = BUILT_PRODUCTS_DIR; };
		18321E341AE013C800263CF9 /* Info.plist */ = {isa = PBXFileReference; lastKnownFileType = text.plist.xml; path = Info.plist; sourceTree = "<group>"; };
		18321E351AE013C800263CF9 /* iRefuelTests.m */ = {isa = PBXFileReference; lastKnownFileType = sourcecode.c.objc; path = iRefuelTests.m; sourceTree = "<group>"; };
		18321E3F1AE0163B00263CF9 /* Base */ = {isa = PBXFileReference; lastKnownFileType = text.plist.xml; name = Base; path = Base.lproj/Info.plist; sourceTree = "<group>"; };
		18321E411AE0164F00263CF9 /* en */ = {isa = PBXFileReference; lastKnownFileType = text.plist.xml; name = en; path = en.lproj/Info.plist; sourceTree = "<group>"; };
		18321E421AE0167D00263CF9 /* Default-568h@2x.png */ = {isa = PBXFileReference; lastKnownFileType = image.png; path = "Default-568h@2x.png"; sourceTree = "<group>"; };
/* End PBXFileReference section */

/* Begin PBXFrameworksBuildPhase section */
		18321E101AE013C800263CF9 /* Frameworks */ = {
			isa = PBXFrameworksBuildPhase;
			buildActionMask = 2147483647;
			files = (
			);
			runOnlyForDeploymentPostprocessing = 0;
		};
		18321E2C1AE013C800263CF9 /* Frameworks */ = {
			isa = PBXFrameworksBuildPhase;
			buildActionMask = 2147483647;
			files = (
			);
			runOnlyForDeploymentPostprocessing = 0;
		};
/* End PBXFrameworksBuildPhase section */

/* Begin PBXGroup section */
		18321E0A1AE013C700263CF9 = {
			isa = PBXGroup;
			children = (
				18321E421AE0167D00263CF9 /* Default-568h@2x.png */,
				18321E151AE013C800263CF9 /* iRefuel */,
				18321E321AE013C800263CF9 /* iRefuelTests */,
				18321E141AE013C800263CF9 /* Products */,
			);
			sourceTree = "<group>";
		};
		18321E141AE013C800263CF9 /* Products */ = {
			isa = PBXGroup;
			children = (
				18321E131AE013C800263CF9 /* iRefuel.app */,
				18321E2F1AE013C800263CF9 /* iRefuelTests.xctest */,
			);
			name = Products;
			sourceTree = "<group>";
		};
		18321E151AE013C800263CF9 /* iRefuel */ = {
			isa = PBXGroup;
			children = (
				18321E1A1AE013C800263CF9 /* AppDelegate.h */,
				18321E1B1AE013C800263CF9 /* AppDelegate.m */,
				18321E1D1AE013C800263CF9 /* FirstViewController.h */,
				18321E1E1AE013C800263CF9 /* FirstViewController.m */,
				18321E201AE013C800263CF9 /* SecondViewController.h */,
				18321E211AE013C800263CF9 /* SecondViewController.m */,
				18321E231AE013C800263CF9 /* Main.storyboard */,
				18321E261AE013C800263CF9 /* Images.xcassets */,
				18321E281AE013C800263CF9 /* LaunchScreen.xib */,
				18321E161AE013C800263CF9 /* Supporting Files */,
			);
			path = iRefuel;
			sourceTree = "<group>";
		};
		18321E161AE013C800263CF9 /* Supporting Files */ = {
			isa = PBXGroup;
			children = (
				18321E401AE0163B00263CF9 /* Info.plist */,
				18321E181AE013C800263CF9 /* main.m */,
			);
			name = "Supporting Files";
			sourceTree = "<group>";
		};
		18321E321AE013C800263CF9 /* iRefuelTests */ = {
			isa = PBXGroup;
			children = (
				18321E351AE013C800263CF9 /* iRefuelTests.m */,
				18321E331AE013C800263CF9 /* Supporting Files */,
			);
			path = iRefuelTests;
			sourceTree = "<group>";
		};
		18321E331AE013C800263CF9 /* Supporting Files */ = {
			isa = PBXGroup;
			children = (
				18321E341AE013C800263CF9 /* Info.plist */,
			);
			name = "Supporting Files";
			sourceTree = "<group>";
		};
/* End PBXGroup section */

/* Begin PBXNativeTarget section */
		18321E121AE013C800263CF9 /* iRefuel */ = {
			isa = PBXNativeTarget;
			buildConfigurationList = 18321E391AE013C800263CF9 /* Build configuration list for PBXNativeTarget "iRefuel" */;
			buildPhases = (
				18321E0F1AE013C800263CF9 /* Sources */,
				18321E101AE013C800263CF9 /* Frameworks */,
				18321E111AE013C800263CF9 /* Resources */,
			);
			buildRules = (
			);
			dependencies = (
			);
			name = iRefuel;
			productName = iRefuel;
			productReference = 18321E131AE013C800263CF9 /* iRefuel.app */;
			productType = "com.apple.product-type.application";
		};
		18321E2E1AE013C800263CF9 /* iRefuelTests */ = {
			isa = PBXNativeTarget;
			buildConfigurationList = 18321E3C1AE013C800263CF9 /* Build configuration list for PBXNativeTarget "iRefuelTests" */;
			buildPhases = (
				18321E2B1AE013C800263CF9 /* Sources */,
				18321E2C1AE013C800263CF9 /* Frameworks */,
				18321E2D1AE013C800263CF9 /* Resources */,
			);
			buildRules = (
			);
			dependencies = (
				18321E311AE013C800263CF9 /* PBXTargetDependency */,
			);
			name = iRefuelTests;
			productName = iRefuelTests;
			productReference = 18321E2F1AE013C800263CF9 /* iRefuelTests.xctest */;
			productType = "com.apple.product-type.bundle.unit-test";
		};
/* End PBXNativeTarget section */

/* Begin PBXProject section */
		18321E0B1AE013C800263CF9 /* Project object */ = {
			isa = PBXProject;
			attributes = {
				LastUpgradeCheck = 0630;
				ORGANIZATIONNAME = "SenseStrong E-Commerce Co. Ltd.";
				TargetAttributes = {
					18321E121AE013C800263CF9 = {
						CreatedOnToolsVersion = 6.3;
						DevelopmentTeam = 9VFW49RAFQ;
					};
					18321E2E1AE013C800263CF9 = {
						CreatedOnToolsVersion = 6.3;
						TestTargetID = 18321E121AE013C800263CF9;
					};
				};
			};
			buildConfigurationList = 18321E0E1AE013C800263CF9 /* Build configuration list for PBXProject "iRefuel" */;
			compatibilityVersion = "Xcode 3.2";
			developmentRegion = English;
			hasScannedForEncodings = 0;
			knownRegions = (
				en,
				Base,
			);
			mainGroup = 18321E0A1AE013C700263CF9;
			productRefGroup = 18321E141AE013C800263CF9 /* Products */;
			projectDirPath = "";
			projectRoot = "";
			targets = (
				18321E121AE013C800263CF9 /* iRefuel */,
				18321E2E1AE013C800263CF9 /* iRefuelTests */,
			);
		};
/* End PBXProject section */

/* Begin PBXResourcesBuildPhase section */
		18321E111AE013C800263CF9 /* Resources */ = {
			isa = PBXResourcesBuildPhase;
			buildActionMask = 2147483647;
			files = (
				18321E251AE013C800263CF9 /* Main.storyboard in Resources */,
				18321E431AE0167D00263CF9 /* Default-568h@2x.png in Resources */,
				18321E2A1AE013C800263CF9 /* LaunchScreen.xib in Resources */,
				18321E271AE013C800263CF9 /* Images.xcassets in Resources */,
			);
			runOnlyForDeploymentPostprocessing = 0;
		};
		18321E2D1AE013C800263CF9 /* Resources */ = {
			isa = PBXResourcesBuildPhase;
			buildActionMask = 2147483647;
			files = (
			);
			runOnlyForDeploymentPostprocessing = 0;
		};
/* End PBXResourcesBuildPhase section */

/* Begin PBXSourcesBuildPhase section */
		18321E0F1AE013C800263CF9 /* Sources */ = {
			isa = PBXSourcesBuildPhase;
			buildActionMask = 2147483647;
			files = (
				18321E221AE013C800263CF9 /* SecondViewController.m in Sources */,
				18321E1C1AE013C800263CF9 /* AppDelegate.m in Sources */,
				18321E1F1AE013C800263CF9 /* FirstViewController.m in Sources */,
				18321E191AE013C800263CF9 /* main.m in Sources */,
			);
			runOnlyForDeploymentPostprocessing = 0;
		};
		18321E2B1AE013C800263CF9 /* Sources */ = {
			isa = PBXSourcesBuildPhase;
			buildActionMask = 2147483647;
			files = (
				18321E361AE013C800263CF9 /* iRefuelTests.m in Sources */,
			);
			runOnlyForDeploymentPostprocessing = 0;
		};
/* End PBXSourcesBuildPhase section */

/* Begin PBXTargetDependency section */
		18321E311AE013C800263CF9 /* PBXTargetDependency */ = {
			isa = PBXTargetDependency;
			target = 18321E121AE013C800263CF9 /* iRefuel */;
			targetProxy = 18321E301AE013C800263CF9 /* PBXContainerItemProxy */;
		};
/* End PBXTargetDependency section */

/* Begin PBXVariantGroup section */
		18321E231AE013C800263CF9 /* Main.storyboard */ = {
			isa = PBXVariantGroup;
			children = (
				18321E241AE013C800263CF9 /* Base */,
			);
			name = Main.storyboard;
			sourceTree = "<group>";
		};
		18321E281AE013C800263CF9 /* LaunchScreen.xib */ = {
			isa = PBXVariantGroup;
			children = (
				18321E291AE013C800263CF9 /* Base */,
			);
			name = LaunchScreen.xib;
			sourceTree = "<group>";
		};
		18321E401AE0163B00263CF9 /* Info.plist */ = {
			isa = PBXVariantGroup;
			children = (
				18321E3F1AE0163B00263CF9 /* Base */,
				18321E411AE0164F00263CF9 /* en */,
			);
			name = Info.plist;
			sourceTree = "<group>";
		};
/* End PBXVariantGroup section */

/* Begin XCBuildConfiguration section */
		18321E371AE013C800263CF9 /* Debug */ = {
			isa = XCBuildConfiguration;
			buildSettings = {
				ALWAYS_SEARCH_USER_PATHS = NO;
				CLANG_CXX_LANGUAGE_STANDARD = "gnu++0x";
				CLANG_CXX_LIBRARY = "libc++";
				CLANG_ENABLE_MODULES = YES;
				CLANG_ENABLE_OBJC_ARC = YES;
				CLANG_WARN_BOOL_CONVERSION = YES;
				CLANG_WARN_CONSTANT_CONVERSION = YES;
				CLANG_WARN_DIRECT_OBJC_ISA_USAGE = YES_ERROR;
				CLANG_WARN_EMPTY_BODY = YES;
				CLANG_WARN_ENUM_CONVERSION = YES;
				CLANG_WARN_INT_CONVERSION = YES;
				CLANG_WARN_OBJC_ROOT_CLASS = YES_ERROR;
				CLANG_WARN_UNREACHABLE_CODE = YES;
				CLANG_WARN__DUPLICATE_METHOD_MATCH = YES;
				"CODE_SIGN_IDENTITY[sdk=iphoneos*]" = "iPhone Developer";
				COPY_PHASE_STRIP = NO;
				DEBUG_INFORMATION_FORMAT = "dwarf-with-dsym";
				ENABLE_STRICT_OBJC_MSGSEND = YES;
				GCC_C_LANGUAGE_STANDARD = gnu99;
				GCC_DYNAMIC_NO_PIC = NO;
				GCC_NO_COMMON_BLOCKS = YES;
				GCC_OPTIMIZATION_LEVEL = 0;
				GCC_PREPROCESSOR_DEFINITIONS = (
					"DEBUG=1",
					"$(inherited)",
				);
				GCC_SYMBOLS_PRIVATE_EXTERN = NO;
				GCC_WARN_64_TO_32_BIT_CONVERSION = YES;
				GCC_WARN_ABOUT_RETURN_TYPE = YES_ERROR;
				GCC_WARN_UNDECLARED_SELECTOR = YES;
				GCC_WARN_UNINITIALIZED_AUTOS = YES_AGGRESSIVE;
				GCC_WARN_UNUSED_FUNCTION = YES;
				GCC_WARN_UNUSED_VARIABLE = YES;
				IPHONEOS_DEPLOYMENT_TARGET = 8.3;
				MTL_ENABLE_DEBUG_INFO = YES;
				ONLY_ACTIVE_ARCH = YES;
				SDKROOT = iphoneos;
			};
			name = Debug;
		};
		18321E381AE013C800263CF9 /* Release */ = {
			isa = XCBuildConfiguration;
			buildSettings = {
				ALWAYS_SEARCH_USER_PATHS = NO;
				CLANG_CXX_LANGUAGE_STANDARD = "gnu++0x";
				CLANG_CXX_LIBRARY = "libc++";
				CLANG_ENABLE_MODULES = YES;
				CLANG_ENABLE_OBJC_ARC = YES;
				CLANG_WARN_BOOL_CONVERSION = YES;
				CLANG_WARN_CONSTANT_CONVERSION = YES;
				CLANG_WARN_DIRECT_OBJC_ISA_USAGE = YES_ERROR;
				CLANG_WARN_EMPTY_BODY = YES;
				CLANG_WARN_ENUM_CONVERSION = YES;
				CLANG_WARN_INT_CONVERSION = YES;
				CLANG_WARN_OBJC_ROOT_CLASS = YES_ERROR;
				CLANG_WARN_UNREACHABLE_CODE = YES;
				CLANG_WARN__DUPLICATE_METHOD_MATCH = YES;
				"CODE_SIGN_IDENTITY[sdk=iphoneos*]" = "iPhone Developer";
				COPY_PHASE_STRIP = NO;
				DEBUG_INFORMATION_FORMAT = "dwarf-with-dsym";
				ENABLE_NS_ASSERTIONS = NO;
				ENABLE_STRICT_OBJC_MSGSEND = YES;
				GCC_C_LANGUAGE_STANDARD = gnu99;
				GCC_NO_COMMON_BLOCKS = YES;
				GCC_WARN_64_TO_32_BIT_CONVERSION = YES;
				GCC_WARN_ABOUT_RETURN_TYPE = YES_ERROR;
				GCC_WARN_UNDECLARED_SELECTOR = YES;
				GCC_WARN_UNINITIALIZED_AUTOS = YES_AGGRESSIVE;
				GCC_WARN_UNUSED_FUNCTION = YES;
				GCC_WARN_UNUSED_VARIABLE = YES;
				IPHONEOS_DEPLOYMENT_TARGET = 8.3;
				MTL_ENABLE_DEBUG_INFO = NO;
				SDKROOT = iphoneos;
				VALIDATE_PRODUCT = YES;
			};
			name = Release;
		};
		18321E3A1AE013C800263CF9 /* Debug */ = {
			isa = XCBuildConfiguration;
			buildSettings = {
				ASSETCATALOG_COMPILER_APPICON_NAME = AppIcon;
				CODE_SIGN_IDENTITY = "iPhone Developer";
				"CODE_SIGN_IDENTITY[sdk=iphoneos*]" = "iPhone Developer";
				INFOPLIST_FILE = "$(SRCROOT)/iRefuelTests/Info.plist";
				LD_RUNPATH_SEARCH_PATHS = "$(inherited) @executable_path/Frameworks";
				PRODUCT_NAME = "$(TARGET_NAME)";
				PROVISIONING_PROFILE = "";
			};
			name = Debug;
		};
		18321E3B1AE013C800263CF9 /* Release */ = {
			isa = XCBuildConfiguration;
			buildSettings = {
				ASSETCATALOG_COMPILER_APPICON_NAME = AppIcon;
				CODE_SIGN_IDENTITY = "iPhone Developer";
				"CODE_SIGN_IDENTITY[sdk=iphoneos*]" = "iPhone Developer";
				INFOPLIST_FILE = "$(SRCROOT)/iRefuelTests/Info.plist";
				LD_RUNPATH_SEARCH_PATHS = "$(inherited) @executable_path/Frameworks";
				PRODUCT_NAME = "$(TARGET_NAME)";
				PROVISIONING_PROFILE = "";
			};
			name = Release;
		};
		18321E3D1AE013C800263CF9 /* Debug */ = {
			isa = XCBuildConfiguration;
			buildSettings = {
				BUNDLE_LOADER = "$(TEST_HOST)";
				FRAMEWORK_SEARCH_PATHS = (
					"$(SDKROOT)/Developer/Library/Frameworks",
					"$(inherited)",
				);
				GCC_PREPROCESSOR_DEFINITIONS = (
					"DEBUG=1",
					"$(inherited)",
				);
				INFOPLIST_FILE = iRefuelTests/Info.plist;
				LD_RUNPATH_SEARCH_PATHS = "$(inherited) @executable_path/Frameworks @loader_path/Frameworks";
				PRODUCT_NAME = "$(TARGET_NAME)";
				TEST_HOST = "$(BUILT_PRODUCTS_DIR)/iRefuel.app/iRefuel";
			};
			name = Debug;
		};
		18321E3E1AE013C800263CF9 /* Release */ = {
			isa = XCBuildConfiguration;
			buildSettings = {
				BUNDLE_LOADER = "$(TEST_HOST)";
				FRAMEWORK_SEARCH_PATHS = (
					"$(SDKROOT)/Developer/Library/Frameworks",
					"$(inherited)",
				);
				INFOPLIST_FILE = iRefuelTests/Info.plist;
				LD_RUNPATH_SEARCH_PATHS = "$(inherited) @executable_path/Frameworks @loader_path/Frameworks";
				PRODUCT_NAME = "$(TARGET_NAME)";
				TEST_HOST = "$(BUILT_PRODUCTS_DIR)/iRefuel.app/iRefuel";
			};
			name = Release;
		};
/* End XCBuildConfiguration section */

/* Begin XCConfigurationList section */
		18321E0E1AE013C800263CF9 /* Build configuration list for PBXProject "iRefuel" */ = {
			isa = XCConfigurationList;
			buildConfigurations = (
				18321E371AE013C800263CF9 /* Debug */,
				18321E381AE013C800263CF9 /* Release */,
			);
			defaultConfigurationIsVisible = 0;
			defaultConfigurationName = Release;
		};
		18321E391AE013C800263CF9 /* Build configuration list for PBXNativeTarget "iRefuel" */ = {
			isa = XCConfigurationList;
			buildConfigurations = (
				18321E3A1AE013C800263CF9 /* Debug */,
				18321E3B1AE013C800263CF9 /* Release */,
			);
			defaultConfigurationIsVisible = 0;
			defaultConfigurationName = Release;
		};
		18321E3C1AE013C800263CF9 /* Build configuration list for PBXNativeTarget "iRefuelTests" */ = {
			isa = XCConfigurationList;
			buildConfigurations = (
				18321E3D1AE013C800263CF9 /* Debug */,
				18321E3E1AE013C800263CF9 /* Release */,
			);
			defaultConfigurationIsVisible = 0;
			defaultConfigurationName = Release;
		};
/* End XCConfigurationList section */
	};
	rootObject = 18321E0B1AE013C800263CF9 /* Project object */;
}
